// !$*UTF8*$!
{
	archiveVersion = 1;
	classes = {
	};
	objectVersion = 46;
	objects = {

/* Begin PBXBuildFile section */
		93135AEC1707733D0021F825 /* recent.png in Resources */ = {isa = PBXBuildFile; fileRef = 93135AEA1707733D0021F825 /* recent.png */; };
		93135AED1707733D0021F825 /* recent@2x.png in Resources */ = {isa = PBXBuildFile; fileRef = 93135AEB1707733D0021F825 /* recent@2x.png */; };
		93135AF717077CB00021F825 /* Default-568h@2x.png in Resources */ = {isa = PBXBuildFile; fileRef = 93135AF017077CAF0021F825 /* Default-568h@2x.png */; };
		93135AF817077CB00021F825 /* Default-Landscape.png in Resources */ = {isa = PBXBuildFile; fileRef = 93135AF117077CAF0021F825 /* Default-Landscape.png */; };
		93135AF917077CB00021F825 /* Default-Landscape@2x.png in Resources */ = {isa = PBXBuildFile; fileRef = 93135AF217077CAF0021F825 /* Default-Landscape@2x.png */; };
		93135AFA17077CB00021F825 /* Default-Portrait.png in Resources */ = {isa = PBXBuildFile; fileRef = 93135AF317077CB00021F825 /* Default-Portrait.png */; };
		93135AFB17077CB00021F825 /* Default-Portrait@2x.png in Resources */ = {isa = PBXBuildFile; fileRef = 93135AF417077CB00021F825 /* Default-Portrait@2x.png */; };
		93135AFC17077CB00021F825 /* Default.png in Resources */ = {isa = PBXBuildFile; fileRef = 93135AF517077CB00021F825 /* Default.png */; };
		93135AFD17077CB00021F825 /* Default@2x.png in Resources */ = {isa = PBXBuildFile; fileRef = 93135AF617077CB00021F825 /* Default@2x.png */; };
		93135B02170792F10021F825 /* Icon-Small.png in Resources */ = {isa = PBXBuildFile; fileRef = 93135AFE170792F10021F825 /* Icon-Small.png */; };
		93135B03170792F10021F825 /* Icon-Small-50.png in Resources */ = {isa = PBXBuildFile; fileRef = 93135AFF170792F10021F825 /* Icon-Small-50.png */; };
		93135B04170792F10021F825 /* Icon-Small-50@2x.png in Resources */ = {isa = PBXBuildFile; fileRef = 93135B00170792F10021F825 /* Icon-Small-50@2x.png */; };
		93135B05170792F10021F825 /* Icon-Small@2x.png in Resources */ = {isa = PBXBuildFile; fileRef = 93135B01170792F10021F825 /* Icon-Small@2x.png */; };
		93135B07170795B90021F825 /* TDNAboutView.xib in Resources */ = {isa = PBXBuildFile; fileRef = 93135B06170795B90021F825 /* TDNAboutView.xib */; };
		93135B091707A9720021F825 /* credits.html in Resources */ = {isa = PBXBuildFile; fileRef = 93135B081707A9720021F825 /* credits.html */; };
		93135B0C1707A9B10021F825 /* TDNAboutViewController.m in Sources */ = {isa = PBXBuildFile; fileRef = 93135B0B1707A9B00021F825 /* TDNAboutViewController.m */; };
		93135B0F1707DBFC0021F825 /* TDNCommentsParser.m in Sources */ = {isa = PBXBuildFile; fileRef = 93135B0E1707DBFC0021F825 /* TDNCommentsParser.m */; };
		93135B121707DC6F0021F825 /* TDNComment.m in Sources */ = {isa = PBXBuildFile; fileRef = 93135B111707DC6F0021F825 /* TDNComment.m */; };
		93135B161707E3680021F825 /* XPathQuery.m in Sources */ = {isa = PBXBuildFile; fileRef = 93135B141707E2660021F825 /* XPathQuery.m */; };
		93135B191707E3920021F825 /* libxml2.2.dylib in Frameworks */ = {isa = PBXBuildFile; fileRef = 93135B171707E3870021F825 /* libxml2.2.dylib */; };
		93135B1D1707FD7E0021F825 /* TDNCommentsViewController.m in Sources */ = {isa = PBXBuildFile; fileRef = 93135B1B1707FD7D0021F825 /* TDNCommentsViewController.m */; };
		93135B1E1707FD7E0021F825 /* TDNCommentsViewController.xib in Resources */ = {isa = PBXBuildFile; fileRef = 93135B1C1707FD7E0021F825 /* TDNCommentsViewController.xib */; };
		93205A6B1705305D000D3198 /* back.png in Resources */ = {isa = PBXBuildFile; fileRef = 93205A6A1705305D000D3198 /* back.png */; };
		93205A6D17053248000D3198 /* sidebar@2x.png in Resources */ = {isa = PBXBuildFile; fileRef = 93205A6C17053248000D3198 /* sidebar@2x.png */; };
		9320988C1706582300AB9DA7 /* Icon@2x.png in Resources */ = {isa = PBXBuildFile; fileRef = 9320988B1706582300AB9DA7 /* Icon@2x.png */; };
		9320988E1706582600AB9DA7 /* Icon-72@2x.png in Resources */ = {isa = PBXBuildFile; fileRef = 9320988D1706582600AB9DA7 /* Icon-72@2x.png */; };
		932098901706654D00AB9DA7 /* Icon-72.png in Resources */ = {isa = PBXBuildFile; fileRef = 9320988F1706654D00AB9DA7 /* Icon-72.png */; };
		9320989217066A3000AB9DA7 /* Icon.png in Resources */ = {isa = PBXBuildFile; fileRef = 9320989117066A3000AB9DA7 /* Icon.png */; };
		932098981706822C00AB9DA7 /* NoiseBackground.png in Resources */ = {isa = PBXBuildFile; fileRef = 932098971706822C00AB9DA7 /* NoiseBackground.png */; };
		932DB1A0170500B2007DEE5C /* chevron.png in Resources */ = {isa = PBXBuildFile; fileRef = 932DB19E170500B2007DEE5C /* chevron.png */; };
		932DB1A1170500B2007DEE5C /* chevron@2x.png in Resources */ = {isa = PBXBuildFile; fileRef = 932DB19F170500B2007DEE5C /* chevron@2x.png */; };
		932DB1A517050B9A007DEE5C /* share@2x.png in Resources */ = {isa = PBXBuildFile; fileRef = 932DB1A417050B9A007DEE5C /* share@2x.png */; };
		932DB1A717050F81007DEE5C /* back@2x.png in Resources */ = {isa = PBXBuildFile; fileRef = 932DB1A617050F81007DEE5C /* back@2x.png */; };
		9363651416FE5C5900E3153B /* TDNArticleViewController.m in Sources */ = {isa = PBXBuildFile; fileRef = 9363651216FE5C5900E3153B /* TDNArticleViewController.m */; };
		9363651516FE5C5900E3153B /* TDNArticleViewController.xib in Resources */ = {isa = PBXBuildFile; fileRef = 9363651316FE5C5900E3153B /* TDNArticleViewController.xib */; };
		9363651E16FF7EF800E3153B /* TDNArticleCollectionViewCell.m in Sources */ = {isa = PBXBuildFile; fileRef = 9363651D16FF7EF800E3153B /* TDNArticleCollectionViewCell.m */; };
		9363652016FF980400E3153B /* TDNFrontPageCollectionView.xib in Resources */ = {isa = PBXBuildFile; fileRef = 9363651F16FF980400E3153B /* TDNFrontPageCollectionView.xib */; };
		9363652316FF9BA800E3153B /* QuartzCore.framework in Frameworks */ = {isa = PBXBuildFile; fileRef = 9363652116FF9B9C00E3153B /* QuartzCore.framework */; };
		939E729A1708BDF000697E0D /* TDNCommentPostingViewController.m in Sources */ = {isa = PBXBuildFile; fileRef = 939E72981708BDF000697E0D /* TDNCommentPostingViewController.m */; };
		939E729B1708BDF000697E0D /* TDNCommentPostingViewController.xib in Resources */ = {isa = PBXBuildFile; fileRef = 939E72991708BDF000697E0D /* TDNCommentPostingViewController.xib */; };
		93AA886C17053743005472BB /* share.png in Resources */ = {isa = PBXBuildFile; fileRef = 93AA886B17053743005472BB /* share.png */; };
		93AA887017053A2F005472BB /* sidebar.png in Resources */ = {isa = PBXBuildFile; fileRef = 93AA886F17053A2F005472BB /* sidebar.png */; };
		93AB5D1016F9014D00EF6A8A /* TDNArticleManager.m in Sources */ = {isa = PBXBuildFile; fileRef = 93AB5D0F16F9014D00EF6A8A /* TDNArticleManager.m */; };
		93AB5D1316F904C100EF6A8A /* TDNArticle.m in Sources */ = {isa = PBXBuildFile; fileRef = 93AB5D1216F904C100EF6A8A /* TDNArticle.m */; };
		93AB5D1616F90CCF00EF6A8A /* TDNFeedParser.m in Sources */ = {isa = PBXBuildFile; fileRef = 93AB5D1516F90CCF00EF6A8A /* TDNFeedParser.m */; };
		93B2A19016FA6F2500AC06D5 /* TDNMultimediaParser.m in Sources */ = {isa = PBXBuildFile; fileRef = 93B2A18F16FA6F2500AC06D5 /* TDNMultimediaParser.m */; };
		93BF9DD21700C52D005FCC7C /* TDNSlidingDrawerViewController.m in Sources */ = {isa = PBXBuildFile; fileRef = 93BF9DD11700C52D005FCC7C /* TDNSlidingDrawerViewController.m */; };
		93BF9DD61700CC97005FCC7C /* TDNSectionViewController.m in Sources */ = {isa = PBXBuildFile; fileRef = 93BF9DD41700CC97005FCC7C /* TDNSectionViewController.m */; };
		93BF9DD71700CC97005FCC7C /* TDNSectionViewController.xib in Resources */ = {isa = PBXBuildFile; fileRef = 93BF9DD51700CC97005FCC7C /* TDNSectionViewController.xib */; };
		93BF9DD91700D1C3005FCC7C /* TDNSlidingDrawerViewController.xib in Resources */ = {isa = PBXBuildFile; fileRef = 93BF9DD81700D1C3005FCC7C /* TDNSlidingDrawerViewController.xib */; };
		93C567C91708E4A3007CC3B6 /* add.png in Resources */ = {isa = PBXBuildFile; fileRef = 93C567C71708E4A3007CC3B6 /* add.png */; };
		93C567CA1708E4A3007CC3B6 /* add@2x.png in Resources */ = {isa = PBXBuildFile; fileRef = 93C567C81708E4A3007CC3B6 /* add@2x.png */; };
		93C9508516DEE94F00121B30 /* UIKit.framework in Frameworks */ = {isa = PBXBuildFile; fileRef = 93C9508416DEE94F00121B30 /* UIKit.framework */; };
		93C9508716DEE94F00121B30 /* Foundation.framework in Frameworks */ = {isa = PBXBuildFile; fileRef = 93C9508616DEE94F00121B30 /* Foundation.framework */; };
		93C9508916DEE94F00121B30 /* CoreGraphics.framework in Frameworks */ = {isa = PBXBuildFile; fileRef = 93C9508816DEE94F00121B30 /* CoreGraphics.framework */; };
		93C9508F16DEE94F00121B30 /* InfoPlist.strings in Resources */ = {isa = PBXBuildFile; fileRef = 93C9508D16DEE94F00121B30 /* InfoPlist.strings */; };
		93C9509116DEE94F00121B30 /* main.m in Sources */ = {isa = PBXBuildFile; fileRef = 93C9509016DEE94F00121B30 /* main.m */; };
		93C9509516DEE94F00121B30 /* TDNAppDelegate.m in Sources */ = {isa = PBXBuildFile; fileRef = 93C9509416DEE94F00121B30 /* TDNAppDelegate.m */; };
		93CE7AC317011D2B00DF66C0 /* features.png in Resources */ = {isa = PBXBuildFile; fileRef = 93CE7ABB17011D2B00DF66C0 /* features.png */; };
		93CE7AC417011D2B00DF66C0 /* features@2x.png in Resources */ = {isa = PBXBuildFile; fileRef = 93CE7ABC17011D2B00DF66C0 /* features@2x.png */; };
		93CE7AC517011D2B00DF66C0 /* online.png in Resources */ = {isa = PBXBuildFile; fileRef = 93CE7ABD17011D2B00DF66C0 /* online.png */; };
		93CE7AC617011D2B00DF66C0 /* online@2x.png in Resources */ = {isa = PBXBuildFile; fileRef = 93CE7ABE17011D2B00DF66C0 /* online@2x.png */; };
		93CE7AC717011D2B00DF66C0 /* opinion.png in Resources */ = {isa = PBXBuildFile; fileRef = 93CE7ABF17011D2B00DF66C0 /* opinion.png */; };
		93CE7AC817011D2B00DF66C0 /* opinion@2x.png in Resources */ = {isa = PBXBuildFile; fileRef = 93CE7AC017011D2B00DF66C0 /* opinion@2x.png */; };
		93CE7AC917011D2B00DF66C0 /* science.png in Resources */ = {isa = PBXBuildFile; fileRef = 93CE7AC117011D2B00DF66C0 /* science.png */; };
		93CE7ACA17011D2B00DF66C0 /* science@2x.png in Resources */ = {isa = PBXBuildFile; fileRef = 93CE7AC217011D2B00DF66C0 /* science@2x.png */; };
		93CE7AD317011D3400DF66C0 /* art.png in Resources */ = {isa = PBXBuildFile; fileRef = 93CE7ACB17011D3400DF66C0 /* art.png */; };
		93CE7AD417011D3400DF66C0 /* art@2x.png in Resources */ = {isa = PBXBuildFile; fileRef = 93CE7ACC17011D3400DF66C0 /* art@2x.png */; };
		93CE7AD517011D3400DF66C0 /* food.png in Resources */ = {isa = PBXBuildFile; fileRef = 93CE7ACD17011D3400DF66C0 /* food.png */; };
		93CE7AD617011D3400DF66C0 /* food@2x.png in Resources */ = {isa = PBXBuildFile; fileRef = 93CE7ACE17011D3400DF66C0 /* food@2x.png */; };
		93CE7AD717011D3400DF66C0 /* news.png in Resources */ = {isa = PBXBuildFile; fileRef = 93CE7ACF17011D3400DF66C0 /* news.png */; };
		93CE7AD817011D3400DF66C0 /* news@2x.png in Resources */ = {isa = PBXBuildFile; fileRef = 93CE7AD017011D3400DF66C0 /* news@2x.png */; };
		93CE7AD917011D3400DF66C0 /* sports.png in Resources */ = {isa = PBXBuildFile; fileRef = 93CE7AD117011D3400DF66C0 /* sports.png */; };
		93CE7ADA17011D3400DF66C0 /* sports@2x.png in Resources */ = {isa = PBXBuildFile; fileRef = 93CE7AD217011D3400DF66C0 /* sports@2x.png */; };
		93CE7ADD17012A3100DF66C0 /* storketower.png in Resources */ = {isa = PBXBuildFile; fileRef = 93CE7ADB17012A3100DF66C0 /* storketower.png */; };
		93CE7ADE17012A3100DF66C0 /* storketower@2x.png in Resources */ = {isa = PBXBuildFile; fileRef = 93CE7ADC17012A3100DF66C0 /* storketower@2x.png */; };
		93CE7AE117012A6600DF66C0 /* TDNLoadingView.m in Sources */ = {isa = PBXBuildFile; fileRef = 93CE7AE017012A6600DF66C0 /* TDNLoadingView.m */; };
		93CE7AE41701507000DF66C0 /* TDNEtchedSeparatorTableViewCell.m in Sources */ = {isa = PBXBuildFile; fileRef = 93CE7AE31701507000DF66C0 /* TDNEtchedSeparatorTableViewCell.m */; };
		93DE942016FBFEE600A6D657 /* TDNFrontPageTableView.xib in Resources */ = {isa = PBXBuildFile; fileRef = 93DE941F16FBFEE600A6D657 /* TDNFrontPageTableView.xib */; };
		93ED3C471701592C00896176 /* UIImage+TDNAdditions.m in Sources */ = {isa = PBXBuildFile; fileRef = 93ED3C461701592C00896176 /* UIImage+TDNAdditions.m */; };
		93FB5CA316F9332400D592B0 /* NoiseBackground@2x.png in Resources */ = {isa = PBXBuildFile; fileRef = 93FB5CA216F9332400D592B0 /* NoiseBackground@2x.png */; };
		93FB5CA616F93B5E00D592B0 /* TDNFrontPageViewController.m in Sources */ = {isa = PBXBuildFile; fileRef = 93FB5CA516F93B5E00D592B0 /* TDNFrontPageViewController.m */; };
		93FB5CA816F93EFB00D592B0 /* white.png in Resources */ = {isa = PBXBuildFile; fileRef = 93FB5CA716F93EFB00D592B0 /* white.png */; };
		93FB5CAB16F9425C00D592B0 /* NSString+TDNAdditions.m in Sources */ = {isa = PBXBuildFile; fileRef = 93FB5CAA16F9425C00D592B0 /* NSString+TDNAdditions.m */; };
/* End PBXBuildFile section */

/* Begin PBXFileReference section */
		93135AEA1707733D0021F825 /* recent.png */ = {isa = PBXFileReference; lastKnownFileType = image.png; path = recent.png; sourceTree = "<group>"; };
		93135AEB1707733D0021F825 /* recent@2x.png */ = {isa = PBXFileReference; lastKnownFileType = image.png; path = "recent@2x.png"; sourceTree = "<group>"; };
		93135AF017077CAF0021F825 /* Default-568h@2x.png */ = {isa = PBXFileReference; lastKnownFileType = image.png; path = "Default-568h@2x.png"; sourceTree = "<group>"; };
		93135AF117077CAF0021F825 /* Default-Landscape.png */ = {isa = PBXFileReference; lastKnownFileType = image.png; path = "Default-Landscape.png"; sourceTree = "<group>"; };
		93135AF217077CAF0021F825 /* Default-Landscape@2x.png */ = {isa = PBXFileReference; lastKnownFileType = image.png; path = "Default-Landscape@2x.png"; sourceTree = "<group>"; };
		93135AF317077CB00021F825 /* Default-Portrait.png */ = {isa = PBXFileReference; lastKnownFileType = image.png; path = "Default-Portrait.png"; sourceTree = "<group>"; };
		93135AF417077CB00021F825 /* Default-Portrait@2x.png */ = {isa = PBXFileReference; lastKnownFileType = image.png; path = "Default-Portrait@2x.png"; sourceTree = "<group>"; };
		93135AF517077CB00021F825 /* Default.png */ = {isa = PBXFileReference; lastKnownFileType = image.png; path = Default.png; sourceTree = "<group>"; };
		93135AF617077CB00021F825 /* Default@2x.png */ = {isa = PBXFileReference; lastKnownFileType = image.png; path = "Default@2x.png"; sourceTree = "<group>"; };
		93135AFE170792F10021F825 /* Icon-Small.png */ = {isa = PBXFileReference; lastKnownFileType = image.png; path = "Icon-Small.png"; sourceTree = "<group>"; };
		93135AFF170792F10021F825 /* Icon-Small-50.png */ = {isa = PBXFileReference; lastKnownFileType = image.png; path = "Icon-Small-50.png"; sourceTree = "<group>"; };
		93135B00170792F10021F825 /* Icon-Small-50@2x.png */ = {isa = PBXFileReference; lastKnownFileType = image.png; path = "Icon-Small-50@2x.png"; sourceTree = "<group>"; };
		93135B01170792F10021F825 /* Icon-Small@2x.png */ = {isa = PBXFileReference; lastKnownFileType = image.png; path = "Icon-Small@2x.png"; sourceTree = "<group>"; };
		93135B06170795B90021F825 /* TDNAboutView.xib */ = {isa = PBXFileReference; fileEncoding = 4; lastKnownFileType = file.xib; path = TDNAboutView.xib; sourceTree = "<group>"; };
		93135B081707A9720021F825 /* credits.html */ = {isa = PBXFileReference; fileEncoding = 4; lastKnownFileType = text.html; path = credits.html; sourceTree = "<group>"; };
		93135B0A1707A9B00021F825 /* TDNAboutViewController.h */ = {isa = PBXFileReference; fileEncoding = 4; lastKnownFileType = sourcecode.c.h; path = TDNAboutViewController.h; sourceTree = "<group>"; };
		93135B0B1707A9B00021F825 /* TDNAboutViewController.m */ = {isa = PBXFileReference; fileEncoding = 4; lastKnownFileType = sourcecode.c.objc; path = TDNAboutViewController.m; sourceTree = "<group>"; };
		93135B0D1707DBFC0021F825 /* TDNCommentsParser.h */ = {isa = PBXFileReference; fileEncoding = 4; lastKnownFileType = sourcecode.c.h; path = TDNCommentsParser.h; sourceTree = "<group>"; };
		93135B0E1707DBFC0021F825 /* TDNCommentsParser.m */ = {isa = PBXFileReference; fileEncoding = 4; lastKnownFileType = sourcecode.c.objc; path = TDNCommentsParser.m; sourceTree = "<group>"; };
		93135B101707DC6F0021F825 /* TDNComment.h */ = {isa = PBXFileReference; fileEncoding = 4; lastKnownFileType = sourcecode.c.h; path = TDNComment.h; sourceTree = "<group>"; };
		93135B111707DC6F0021F825 /* TDNComment.m */ = {isa = PBXFileReference; fileEncoding = 4; lastKnownFileType = sourcecode.c.objc; path = TDNComment.m; sourceTree = "<group>"; };
		93135B131707E2660021F825 /* XPathQuery.h */ = {isa = PBXFileReference; fileEncoding = 4; lastKnownFileType = sourcecode.c.h; path = XPathQuery.h; sourceTree = "<group>"; };
		93135B141707E2660021F825 /* XPathQuery.m */ = {isa = PBXFileReference; fileEncoding = 4; lastKnownFileType = sourcecode.c.objc; path = XPathQuery.m; sourceTree = "<group>"; };
		93135B171707E3870021F825 /* libxml2.2.dylib */ = {isa = PBXFileReference; lastKnownFileType = "compiled.mach-o.dylib"; name = libxml2.2.dylib; path = usr/lib/libxml2.2.dylib; sourceTree = SDKROOT; };
		93135B1A1707FD7D0021F825 /* TDNCommentsViewController.h */ = {isa = PBXFileReference; fileEncoding = 4; lastKnownFileType = sourcecode.c.h; path = TDNCommentsViewController.h; sourceTree = "<group>"; };
		93135B1B1707FD7D0021F825 /* TDNCommentsViewController.m */ = {isa = PBXFileReference; fileEncoding = 4; lastKnownFileType = sourcecode.c.objc; path = TDNCommentsViewController.m; sourceTree = "<group>"; };
		93135B1C1707FD7E0021F825 /* TDNCommentsViewController.xib */ = {isa = PBXFileReference; fileEncoding = 4; lastKnownFileType = file.xib; path = TDNCommentsViewController.xib; sourceTree = "<group>"; };
		93205A6A1705305D000D3198 /* back.png */ = {isa = PBXFileReference; lastKnownFileType = image.png; path = back.png; sourceTree = "<group>"; };
		93205A6C17053248000D3198 /* sidebar@2x.png */ = {isa = PBXFileReference; lastKnownFileType = image.png; path = "sidebar@2x.png"; sourceTree = "<group>"; };
		9320988B1706582300AB9DA7 /* Icon@2x.png */ = {isa = PBXFileReference; lastKnownFileType = image.png; path = "Icon@2x.png"; sourceTree = "<group>"; };
		9320988D1706582600AB9DA7 /* Icon-72@2x.png */ = {isa = PBXFileReference; lastKnownFileType = image.png; path = "Icon-72@2x.png"; sourceTree = "<group>"; };
		9320988F1706654D00AB9DA7 /* Icon-72.png */ = {isa = PBXFileReference; lastKnownFileType = image.png; path = "Icon-72.png"; sourceTree = "<group>"; };
		9320989117066A3000AB9DA7 /* Icon.png */ = {isa = PBXFileReference; lastKnownFileType = image.png; path = Icon.png; sourceTree = "<group>"; };
		932098971706822C00AB9DA7 /* NoiseBackground.png */ = {isa = PBXFileReference; lastKnownFileType = image.png; path = NoiseBackground.png; sourceTree = "<group>"; };
		932DB19E170500B2007DEE5C /* chevron.png */ = {isa = PBXFileReference; lastKnownFileType = image.png; path = chevron.png; sourceTree = "<group>"; };
		932DB19F170500B2007DEE5C /* chevron@2x.png */ = {isa = PBXFileReference; lastKnownFileType = image.png; path = "chevron@2x.png"; sourceTree = "<group>"; };
		932DB1A417050B9A007DEE5C /* share@2x.png */ = {isa = PBXFileReference; lastKnownFileType = image.png; path = "share@2x.png"; sourceTree = "<group>"; };
		932DB1A617050F81007DEE5C /* back@2x.png */ = {isa = PBXFileReference; lastKnownFileType = image.png; path = "back@2x.png"; sourceTree = "<group>"; };
		9363651116FE5C5900E3153B /* TDNArticleViewController.h */ = {isa = PBXFileReference; fileEncoding = 4; lastKnownFileType = sourcecode.c.h; path = TDNArticleViewController.h; sourceTree = "<group>"; };
		9363651216FE5C5900E3153B /* TDNArticleViewController.m */ = {isa = PBXFileReference; fileEncoding = 4; lastKnownFileType = sourcecode.c.objc; path = TDNArticleViewController.m; sourceTree = "<group>"; };
		9363651316FE5C5900E3153B /* TDNArticleViewController.xib */ = {isa = PBXFileReference; fileEncoding = 4; lastKnownFileType = file.xib; path = TDNArticleViewController.xib; sourceTree = "<group>"; };
		9363651C16FF7EF800E3153B /* TDNArticleCollectionViewCell.h */ = {isa = PBXFileReference; fileEncoding = 4; lastKnownFileType = sourcecode.c.h; path = TDNArticleCollectionViewCell.h; sourceTree = "<group>"; };
		9363651D16FF7EF800E3153B /* TDNArticleCollectionViewCell.m */ = {isa = PBXFileReference; fileEncoding = 4; lastKnownFileType = sourcecode.c.objc; path = TDNArticleCollectionViewCell.m; sourceTree = "<group>"; };
		9363651F16FF980400E3153B /* TDNFrontPageCollectionView.xib */ = {isa = PBXFileReference; fileEncoding = 4; lastKnownFileType = file.xib; path = TDNFrontPageCollectionView.xib; sourceTree = "<group>"; };
		9363652116FF9B9C00E3153B /* QuartzCore.framework */ = {isa = PBXFileReference; lastKnownFileType = wrapper.framework; name = QuartzCore.framework; path = System/Library/Frameworks/QuartzCore.framework; sourceTree = SDKROOT; };
		939E72971708BDF000697E0D /* TDNCommentPostingViewController.h */ = {isa = PBXFileReference; fileEncoding = 4; lastKnownFileType = sourcecode.c.h; path = TDNCommentPostingViewController.h; sourceTree = "<group>"; };
		939E72981708BDF000697E0D /* TDNCommentPostingViewController.m */ = {isa = PBXFileReference; fileEncoding = 4; lastKnownFileType = sourcecode.c.objc; path = TDNCommentPostingViewController.m; sourceTree = "<group>"; };
		939E72991708BDF000697E0D /* TDNCommentPostingViewController.xib */ = {isa = PBXFileReference; fileEncoding = 4; lastKnownFileType = file.xib; path = TDNCommentPostingViewController.xib; sourceTree = "<group>"; };
		93AA886B17053743005472BB /* share.png */ = {isa = PBXFileReference; lastKnownFileType = image.png; path = share.png; sourceTree = "<group>"; };
		93AA886F17053A2F005472BB /* sidebar.png */ = {isa = PBXFileReference; lastKnownFileType = image.png; path = sidebar.png; sourceTree = "<group>"; };
		93AB5D0E16F9014D00EF6A8A /* TDNArticleManager.h */ = {isa = PBXFileReference; fileEncoding = 4; lastKnownFileType = sourcecode.c.h; path = TDNArticleManager.h; sourceTree = "<group>"; };
		93AB5D0F16F9014D00EF6A8A /* TDNArticleManager.m */ = {isa = PBXFileReference; fileEncoding = 4; lastKnownFileType = sourcecode.c.objc; path = TDNArticleManager.m; sourceTree = "<group>"; };
		93AB5D1116F904C100EF6A8A /* TDNArticle.h */ = {isa = PBXFileReference; fileEncoding = 4; lastKnownFileType = sourcecode.c.h; path = TDNArticle.h; sourceTree = "<group>"; };
		93AB5D1216F904C100EF6A8A /* TDNArticle.m */ = {isa = PBXFileReference; fileEncoding = 4; lastKnownFileType = sourcecode.c.objc; path = TDNArticle.m; sourceTree = "<group>"; };
		93AB5D1416F90CCF00EF6A8A /* TDNFeedParser.h */ = {isa = PBXFileReference; fileEncoding = 4; lastKnownFileType = sourcecode.c.h; path = TDNFeedParser.h; sourceTree = "<group>"; };
		93AB5D1516F90CCF00EF6A8A /* TDNFeedParser.m */ = {isa = PBXFileReference; fileEncoding = 4; lastKnownFileType = sourcecode.c.objc; path = TDNFeedParser.m; sourceTree = "<group>"; };
		93B2A18E16FA6F2500AC06D5 /* TDNMultimediaParser.h */ = {isa = PBXFileReference; fileEncoding = 4; lastKnownFileType = sourcecode.c.h; path = TDNMultimediaParser.h; sourceTree = "<group>"; };
		93B2A18F16FA6F2500AC06D5 /* TDNMultimediaParser.m */ = {isa = PBXFileReference; fileEncoding = 4; lastKnownFileType = sourcecode.c.objc; path = TDNMultimediaParser.m; sourceTree = "<group>"; };
		93BF9DD01700C52D005FCC7C /* TDNSlidingDrawerViewController.h */ = {isa = PBXFileReference; fileEncoding = 4; lastKnownFileType = sourcecode.c.h; path = TDNSlidingDrawerViewController.h; sourceTree = "<group>"; };
		93BF9DD11700C52D005FCC7C /* TDNSlidingDrawerViewController.m */ = {isa = PBXFileReference; fileEncoding = 4; lastKnownFileType = sourcecode.c.objc; path = TDNSlidingDrawerViewController.m; sourceTree = "<group>"; };
		93BF9DD31700CC97005FCC7C /* TDNSectionViewController.h */ = {isa = PBXFileReference; fileEncoding = 4; lastKnownFileType = sourcecode.c.h; path = TDNSectionViewController.h; sourceTree = "<group>"; };
		93BF9DD41700CC97005FCC7C /* TDNSectionViewController.m */ = {isa = PBXFileReference; fileEncoding = 4; lastKnownFileType = sourcecode.c.objc; path = TDNSectionViewController.m; sourceTree = "<group>"; };
		93BF9DD51700CC97005FCC7C /* TDNSectionViewController.xib */ = {isa = PBXFileReference; fileEncoding = 4; lastKnownFileType = file.xib; path = TDNSectionViewController.xib; sourceTree = "<group>"; };
		93BF9DD81700D1C3005FCC7C /* TDNSlidingDrawerViewController.xib */ = {isa = PBXFileReference; fileEncoding = 4; lastKnownFileType = file.xib; path = TDNSlidingDrawerViewController.xib; sourceTree = "<group>"; };
		93C567C71708E4A3007CC3B6 /* add.png */ = {isa = PBXFileReference; lastKnownFileType = image.png; path = add.png; sourceTree = "<group>"; };
		93C567C81708E4A3007CC3B6 /* add@2x.png */ = {isa = PBXFileReference; lastKnownFileType = image.png; path = "add@2x.png"; sourceTree = "<group>"; };
		93C9508116DEE94F00121B30 /* Daily Nexus.app */ = {isa = PBXFileReference; explicitFileType = wrapper.application; includeInIndex = 0; path = "Daily Nexus.app"; sourceTree = BUILT_PRODUCTS_DIR; };
		93C9508416DEE94F00121B30 /* UIKit.framework */ = {isa = PBXFileReference; lastKnownFileType = wrapper.framework; name = UIKit.framework; path = System/Library/Frameworks/UIKit.framework; sourceTree = SDKROOT; };
		93C9508616DEE94F00121B30 /* Foundation.framework */ = {isa = PBXFileReference; lastKnownFileType = wrapper.framework; name = Foundation.framework; path = System/Library/Frameworks/Foundation.framework; sourceTree = SDKROOT; };
		93C9508816DEE94F00121B30 /* CoreGraphics.framework */ = {isa = PBXFileReference; lastKnownFileType = wrapper.framework; name = CoreGraphics.framework; path = System/Library/Frameworks/CoreGraphics.framework; sourceTree = SDKROOT; };
		93C9508C16DEE94F00121B30 /* Daily Nexus-Info.plist */ = {isa = PBXFileReference; lastKnownFileType = text.plist.xml; path = "Daily Nexus-Info.plist"; sourceTree = "<group>"; };
		93C9508E16DEE94F00121B30 /* en */ = {isa = PBXFileReference; lastKnownFileType = text.plist.strings; name = en; path = en.lproj/InfoPlist.strings; sourceTree = "<group>"; };
		93C9509016DEE94F00121B30 /* main.m */ = {isa = PBXFileReference; lastKnownFileType = sourcecode.c.objc; path = main.m; sourceTree = "<group>"; };
		93C9509216DEE94F00121B30 /* Daily Nexus-Prefix.pch */ = {isa = PBXFileReference; lastKnownFileType = sourcecode.c.h; path = "Daily Nexus-Prefix.pch"; sourceTree = "<group>"; };
		93C9509316DEE94F00121B30 /* TDNAppDelegate.h */ = {isa = PBXFileReference; lastKnownFileType = sourcecode.c.h; path = TDNAppDelegate.h; sourceTree = "<group>"; };
		93C9509416DEE94F00121B30 /* TDNAppDelegate.m */ = {isa = PBXFileReference; lastKnownFileType = sourcecode.c.objc; path = TDNAppDelegate.m; sourceTree = "<group>"; };
		93C950A216DEE94F00121B30 /* SenTestingKit.framework */ = {isa = PBXFileReference; lastKnownFileType = wrapper.framework; name = SenTestingKit.framework; path = Library/Frameworks/SenTestingKit.framework; sourceTree = DEVELOPER_DIR; };
		93CE7ABB17011D2B00DF66C0 /* features.png */ = {isa = PBXFileReference; lastKnownFileType = image.png; path = features.png; sourceTree = "<group>"; };
		93CE7ABC17011D2B00DF66C0 /* features@2x.png */ = {isa = PBXFileReference; lastKnownFileType = image.png; path = "features@2x.png"; sourceTree = "<group>"; };
		93CE7ABD17011D2B00DF66C0 /* online.png */ = {isa = PBXFileReference; lastKnownFileType = image.png; path = online.png; sourceTree = "<group>"; };
		93CE7ABE17011D2B00DF66C0 /* online@2x.png */ = {isa = PBXFileReference; lastKnownFileType = image.png; path = "online@2x.png"; sourceTree = "<group>"; };
		93CE7ABF17011D2B00DF66C0 /* opinion.png */ = {isa = PBXFileReference; lastKnownFileType = image.png; path = opinion.png; sourceTree = "<group>"; };
		93CE7AC017011D2B00DF66C0 /* opinion@2x.png */ = {isa = PBXFileReference; lastKnownFileType = image.png; path = "opinion@2x.png"; sourceTree = "<group>"; };
		93CE7AC117011D2B00DF66C0 /* science.png */ = {isa = PBXFileReference; lastKnownFileType = image.png; path = science.png; sourceTree = "<group>"; };
		93CE7AC217011D2B00DF66C0 /* science@2x.png */ = {isa = PBXFileReference; lastKnownFileType = image.png; path = "science@2x.png"; sourceTree = "<group>"; };
		93CE7ACB17011D3400DF66C0 /* art.png */ = {isa = PBXFileReference; lastKnownFileType = image.png; path = art.png; sourceTree = "<group>"; };
		93CE7ACC17011D3400DF66C0 /* art@2x.png */ = {isa = PBXFileReference; lastKnownFileType = image.png; path = "art@2x.png"; sourceTree = "<group>"; };
		93CE7ACD17011D3400DF66C0 /* food.png */ = {isa = PBXFileReference; lastKnownFileType = image.png; path = food.png; sourceTree = "<group>"; };
		93CE7ACE17011D3400DF66C0 /* food@2x.png */ = {isa = PBXFileReference; lastKnownFileType = image.png; path = "food@2x.png"; sourceTree = "<group>"; };
		93CE7ACF17011D3400DF66C0 /* news.png */ = {isa = PBXFileReference; lastKnownFileType = image.png; path = news.png; sourceTree = "<group>"; };
		93CE7AD017011D3400DF66C0 /* news@2x.png */ = {isa = PBXFileReference; lastKnownFileType = image.png; path = "news@2x.png"; sourceTree = "<group>"; };
		93CE7AD117011D3400DF66C0 /* sports.png */ = {isa = PBXFileReference; lastKnownFileType = image.png; path = sports.png; sourceTree = "<group>"; };
		93CE7AD217011D3400DF66C0 /* sports@2x.png */ = {isa = PBXFileReference; lastKnownFileType = image.png; path = "sports@2x.png"; sourceTree = "<group>"; };
		93CE7ADB17012A3100DF66C0 /* storketower.png */ = {isa = PBXFileReference; lastKnownFileType = image.png; path = storketower.png; sourceTree = "<group>"; };
		93CE7ADC17012A3100DF66C0 /* storketower@2x.png */ = {isa = PBXFileReference; lastKnownFileType = image.png; path = "storketower@2x.png"; sourceTree = "<group>"; };
		93CE7ADF17012A6600DF66C0 /* TDNLoadingView.h */ = {isa = PBXFileReference; fileEncoding = 4; lastKnownFileType = sourcecode.c.h; path = TDNLoadingView.h; sourceTree = "<group>"; };
		93CE7AE017012A6600DF66C0 /* TDNLoadingView.m */ = {isa = PBXFileReference; fileEncoding = 4; lastKnownFileType = sourcecode.c.objc; path = TDNLoadingView.m; sourceTree = "<group>"; };
		93CE7AE21701507000DF66C0 /* TDNEtchedSeparatorTableViewCell.h */ = {isa = PBXFileReference; fileEncoding = 4; lastKnownFileType = sourcecode.c.h; path = TDNEtchedSeparatorTableViewCell.h; sourceTree = "<group>"; };
		93CE7AE31701507000DF66C0 /* TDNEtchedSeparatorTableViewCell.m */ = {isa = PBXFileReference; fileEncoding = 4; lastKnownFileType = sourcecode.c.objc; path = TDNEtchedSeparatorTableViewCell.m; sourceTree = "<group>"; };
		93DE941F16FBFEE600A6D657 /* TDNFrontPageTableView.xib */ = {isa = PBXFileReference; fileEncoding = 4; lastKnownFileType = file.xib; path = TDNFrontPageTableView.xib; sourceTree = "<group>"; };
		93ED3C451701592C00896176 /* UIImage+TDNAdditions.h */ = {isa = PBXFileReference; fileEncoding = 4; lastKnownFileType = sourcecode.c.h; path = "UIImage+TDNAdditions.h"; sourceTree = "<group>"; };
		93ED3C461701592C00896176 /* UIImage+TDNAdditions.m */ = {isa = PBXFileReference; fileEncoding = 4; lastKnownFileType = sourcecode.c.objc; path = "UIImage+TDNAdditions.m"; sourceTree = "<group>"; };
		93FB5CA216F9332400D592B0 /* NoiseBackground@2x.png */ = {isa = PBXFileReference; lastKnownFileType = image.png; path = "NoiseBackground@2x.png"; sourceTree = "<group>"; };
		93FB5CA416F93B5E00D592B0 /* TDNFrontPageViewController.h */ = {isa = PBXFileReference; fileEncoding = 4; lastKnownFileType = sourcecode.c.h; path = TDNFrontPageViewController.h; sourceTree = "<group>"; };
		93FB5CA516F93B5E00D592B0 /* TDNFrontPageViewController.m */ = {isa = PBXFileReference; fileEncoding = 4; lastKnownFileType = sourcecode.c.objc; path = TDNFrontPageViewController.m; sourceTree = "<group>"; };
		93FB5CA716F93EFB00D592B0 /* white.png */ = {isa = PBXFileReference; lastKnownFileType = image.png; path = white.png; sourceTree = "<group>"; };
		93FB5CA916F9425C00D592B0 /* NSString+TDNAdditions.h */ = {isa = PBXFileReference; fileEncoding = 4; lastKnownFileType = sourcecode.c.h; path = "NSString+TDNAdditions.h"; sourceTree = "<group>"; };
		93FB5CAA16F9425C00D592B0 /* NSString+TDNAdditions.m */ = {isa = PBXFileReference; fileEncoding = 4; lastKnownFileType = sourcecode.c.objc; path = "NSString+TDNAdditions.m"; sourceTree = "<group>"; };
/* End PBXFileReference section */

/* Begin PBXFrameworksBuildPhase section */
		93C9507E16DEE94F00121B30 /* Frameworks */ = {
			isa = PBXFrameworksBuildPhase;
			buildActionMask = 2147483647;
			files = (
				93135B191707E3920021F825 /* libxml2.2.dylib in Frameworks */,
				93C9508516DEE94F00121B30 /* UIKit.framework in Frameworks */,
				93C9508716DEE94F00121B30 /* Foundation.framework in Frameworks */,
				9363652316FF9BA800E3153B /* QuartzCore.framework in Frameworks */,
				93C9508916DEE94F00121B30 /* CoreGraphics.framework in Frameworks */,
			);
			runOnlyForDeploymentPostprocessing = 0;
		};
/* End PBXFrameworksBuildPhase section */

/* Begin PBXGroup section */
		931B5AED16FD61F400151548 /* Views */ = {
			isa = PBXGroup;
			children = (
				9363651C16FF7EF800E3153B /* TDNArticleCollectionViewCell.h */,
				9363651D16FF7EF800E3153B /* TDNArticleCollectionViewCell.m */,
				93CE7AE21701507000DF66C0 /* TDNEtchedSeparatorTableViewCell.h */,
				93CE7AE31701507000DF66C0 /* TDNEtchedSeparatorTableViewCell.m */,
			);
			name = Views;
			sourceTree = "<group>";
		};
		9363652416FF9C5300E3153B /* Images */ = {
			isa = PBXGroup;
			children = (
				93135AFE170792F10021F825 /* Icon-Small.png */,
				93135B01170792F10021F825 /* Icon-Small@2x.png */,
				93135AFF170792F10021F825 /* Icon-Small-50.png */,
				93135B00170792F10021F825 /* Icon-Small-50@2x.png */,
				9320989117066A3000AB9DA7 /* Icon.png */,
				9320988B1706582300AB9DA7 /* Icon@2x.png */,
				9320988F1706654D00AB9DA7 /* Icon-72.png */,
				9320988D1706582600AB9DA7 /* Icon-72@2x.png */,
				93C567C71708E4A3007CC3B6 /* add.png */,
				93C567C81708E4A3007CC3B6 /* add@2x.png */,
				93AA886F17053A2F005472BB /* sidebar.png */,
				93205A6C17053248000D3198 /* sidebar@2x.png */,
				93205A6A1705305D000D3198 /* back.png */,
				932DB1A617050F81007DEE5C /* back@2x.png */,
				93AA886B17053743005472BB /* share.png */,
				932DB1A417050B9A007DEE5C /* share@2x.png */,
				93CE7ADB17012A3100DF66C0 /* storketower.png */,
				93CE7ADC17012A3100DF66C0 /* storketower@2x.png */,
				93135AEA1707733D0021F825 /* recent.png */,
				93135AEB1707733D0021F825 /* recent@2x.png */,
				93CE7ABB17011D2B00DF66C0 /* features.png */,
				93CE7ABC17011D2B00DF66C0 /* features@2x.png */,
				93CE7ABD17011D2B00DF66C0 /* online.png */,
				93CE7ABE17011D2B00DF66C0 /* online@2x.png */,
				93CE7ABF17011D2B00DF66C0 /* opinion.png */,
				93CE7AC017011D2B00DF66C0 /* opinion@2x.png */,
				93CE7AC117011D2B00DF66C0 /* science.png */,
				93CE7AC217011D2B00DF66C0 /* science@2x.png */,
				93CE7ACB17011D3400DF66C0 /* art.png */,
				93CE7ACC17011D3400DF66C0 /* art@2x.png */,
				93CE7ACD17011D3400DF66C0 /* food.png */,
				93CE7ACE17011D3400DF66C0 /* food@2x.png */,
				93CE7ACF17011D3400DF66C0 /* news.png */,
				93CE7AD017011D3400DF66C0 /* news@2x.png */,
				93CE7AD117011D3400DF66C0 /* sports.png */,
				93CE7AD217011D3400DF66C0 /* sports@2x.png */,
				93FB5CA716F93EFB00D592B0 /* white.png */,
				932098971706822C00AB9DA7 /* NoiseBackground.png */,
				93FB5CA216F9332400D592B0 /* NoiseBackground@2x.png */,
				932DB19E170500B2007DEE5C /* chevron.png */,
				932DB19F170500B2007DEE5C /* chevron@2x.png */,
				93135AF017077CAF0021F825 /* Default-568h@2x.png */,
				93135AF117077CAF0021F825 /* Default-Landscape.png */,
				93135AF217077CAF0021F825 /* Default-Landscape@2x.png */,
				93135AF317077CB00021F825 /* Default-Portrait.png */,
				93135AF417077CB00021F825 /* Default-Portrait@2x.png */,
				93135AF517077CB00021F825 /* Default.png */,
				93135AF617077CB00021F825 /* Default@2x.png */,
			);
			name = Images;
			sourceTree = "<group>";
		};
		9363652516FF9C5F00E3153B /* XIBs */ = {
			isa = PBXGroup;
			children = (
				93DE941F16FBFEE600A6D657 /* TDNFrontPageTableView.xib */,
				9363651F16FF980400E3153B /* TDNFrontPageCollectionView.xib */,
				9363651316FE5C5900E3153B /* TDNArticleViewController.xib */,
				93BF9DD51700CC97005FCC7C /* TDNSectionViewController.xib */,
				93135B1C1707FD7E0021F825 /* TDNCommentsViewController.xib */,
				939E72991708BDF000697E0D /* TDNCommentPostingViewController.xib */,
				93BF9DD81700D1C3005FCC7C /* TDNSlidingDrawerViewController.xib */,
				93135B06170795B90021F825 /* TDNAboutView.xib */,
			);
			name = XIBs;
			sourceTree = "<group>";
		};
		93B2A19116FA83E000AC06D5 /* Data Model */ = {
			isa = PBXGroup;
			children = (
				93AB5D0E16F9014D00EF6A8A /* TDNArticleManager.h */,
				93AB5D0F16F9014D00EF6A8A /* TDNArticleManager.m */,
				93AB5D1116F904C100EF6A8A /* TDNArticle.h */,
				93AB5D1216F904C100EF6A8A /* TDNArticle.m */,
				93135B101707DC6F0021F825 /* TDNComment.h */,
				93135B111707DC6F0021F825 /* TDNComment.m */,
			);
			name = "Data Model";
			sourceTree = "<group>";
		};
		93B2A19216FA83EF00AC06D5 /* View Controllers */ = {
			isa = PBXGroup;
			children = (
				93BF9DD01700C52D005FCC7C /* TDNSlidingDrawerViewController.h */,
				93BF9DD11700C52D005FCC7C /* TDNSlidingDrawerViewController.m */,
				93FB5CA416F93B5E00D592B0 /* TDNFrontPageViewController.h */,
				93FB5CA516F93B5E00D592B0 /* TDNFrontPageViewController.m */,
				9363651116FE5C5900E3153B /* TDNArticleViewController.h */,
				9363651216FE5C5900E3153B /* TDNArticleViewController.m */,
				93BF9DD31700CC97005FCC7C /* TDNSectionViewController.h */,
				93BF9DD41700CC97005FCC7C /* TDNSectionViewController.m */,
				93135B1A1707FD7D0021F825 /* TDNCommentsViewController.h */,
				93135B1B1707FD7D0021F825 /* TDNCommentsViewController.m */,
				939E72971708BDF000697E0D /* TDNCommentPostingViewController.h */,
				939E72981708BDF000697E0D /* TDNCommentPostingViewController.m */,
				93CE7ADF17012A6600DF66C0 /* TDNLoadingView.h */,
				93CE7AE017012A6600DF66C0 /* TDNLoadingView.m */,
				93135B0A1707A9B00021F825 /* TDNAboutViewController.h */,
				93135B0B1707A9B00021F825 /* TDNAboutViewController.m */,
			);
			name = "View Controllers";
			sourceTree = "<group>";
		};
		93B2A19316FA83FE00AC06D5 /* Parsers */ = {
			isa = PBXGroup;
			children = (
				93AB5D1416F90CCF00EF6A8A /* TDNFeedParser.h */,
				93AB5D1516F90CCF00EF6A8A /* TDNFeedParser.m */,
				93B2A18E16FA6F2500AC06D5 /* TDNMultimediaParser.h */,
				93B2A18F16FA6F2500AC06D5 /* TDNMultimediaParser.m */,
				93135B0D1707DBFC0021F825 /* TDNCommentsParser.h */,
				93135B0E1707DBFC0021F825 /* TDNCommentsParser.m */,
				93135B131707E2660021F825 /* XPathQuery.h */,
				93135B141707E2660021F825 /* XPathQuery.m */,
			);
			name = Parsers;
			sourceTree = "<group>";
		};
		93B2A19516FA843700AC06D5 /* Categories */ = {
			isa = PBXGroup;
			children = (
				93FB5CA916F9425C00D592B0 /* NSString+TDNAdditions.h */,
				93FB5CAA16F9425C00D592B0 /* NSString+TDNAdditions.m */,
				93ED3C451701592C00896176 /* UIImage+TDNAdditions.h */,
				93ED3C461701592C00896176 /* UIImage+TDNAdditions.m */,
			);
			name = Categories;
			sourceTree = "<group>";
		};
		93C9507816DEE94F00121B30 = {
			isa = PBXGroup;
			children = (
				93C9508A16DEE94F00121B30 /* Daily Nexus */,
				93C9508316DEE94F00121B30 /* Frameworks */,
				93C9508216DEE94F00121B30 /* Products */,
			);
			sourceTree = "<group>";
		};
		93C9508216DEE94F00121B30 /* Products */ = {
			isa = PBXGroup;
			children = (
				93C9508116DEE94F00121B30 /* Daily Nexus.app */,
			);
			name = Products;
			sourceTree = "<group>";
		};
		93C9508316DEE94F00121B30 /* Frameworks */ = {
			isa = PBXGroup;
			children = (
				93135B171707E3870021F825 /* libxml2.2.dylib */,
				9363652116FF9B9C00E3153B /* QuartzCore.framework */,
				93C9508416DEE94F00121B30 /* UIKit.framework */,
				93C9508616DEE94F00121B30 /* Foundation.framework */,
				93C9508816DEE94F00121B30 /* CoreGraphics.framework */,
				93C950A216DEE94F00121B30 /* SenTestingKit.framework */,
			);
			name = Frameworks;
			sourceTree = "<group>";
		};
		93C9508A16DEE94F00121B30 /* Daily Nexus */ = {
			isa = PBXGroup;
			children = (
				93C9509316DEE94F00121B30 /* TDNAppDelegate.h */,
				93C9509416DEE94F00121B30 /* TDNAppDelegate.m */,
				93B2A19116FA83E000AC06D5 /* Data Model */,
				93B2A19316FA83FE00AC06D5 /* Parsers */,
				93B2A19216FA83EF00AC06D5 /* View Controllers */,
				931B5AED16FD61F400151548 /* Views */,
				93B2A19516FA843700AC06D5 /* Categories */,
				93C9508B16DEE94F00121B30 /* Supporting Files */,
			);
			path = "Daily Nexus";
			sourceTree = "<group>";
		};
		93C9508B16DEE94F00121B30 /* Supporting Files */ = {
			isa = PBXGroup;
			children = (
				9363652516FF9C5F00E3153B /* XIBs */,
				9363652416FF9C5300E3153B /* Images */,
				93135B081707A9720021F825 /* credits.html */,
				93C9509216DEE94F00121B30 /* Daily Nexus-Prefix.pch */,
				93C9509016DEE94F00121B30 /* main.m */,
				93C9508C16DEE94F00121B30 /* Daily Nexus-Info.plist */,
				93C9508D16DEE94F00121B30 /* InfoPlist.strings */,
			);
			name = "Supporting Files";
			sourceTree = "<group>";
		};
/* End PBXGroup section */

/* Begin PBXNativeTarget section */
		93C9508016DEE94F00121B30 /* Daily Nexus */ = {
			isa = PBXNativeTarget;
			buildConfigurationList = 93C950B316DEE94F00121B30 /* Build configuration list for PBXNativeTarget "Daily Nexus" */;
			buildPhases = (
				93C9507D16DEE94F00121B30 /* Sources */,
				93C9507E16DEE94F00121B30 /* Frameworks */,
				93C9507F16DEE94F00121B30 /* Resources */,
			);
			buildRules = (
			);
			dependencies = (
			);
			name = "Daily Nexus";
			productName = "Daily Nexus";
			productReference = 93C9508116DEE94F00121B30 /* Daily Nexus.app */;
			productType = "com.apple.product-type.application";
		};
/* End PBXNativeTarget section */

/* Begin PBXProject section */
		93C9507916DEE94F00121B30 /* Project object */ = {
			isa = PBXProject;
			attributes = {
				CLASSPREFIX = TDN;
				LastUpgradeCheck = 0460;
				ORGANIZATIONNAME = "Daily Nexus";
			};
			buildConfigurationList = 93C9507C16DEE94F00121B30 /* Build configuration list for PBXProject "Daily Nexus" */;
			compatibilityVersion = "Xcode 3.2";
			developmentRegion = English;
			hasScannedForEncodings = 0;
			knownRegions = (
				en,
			);
			mainGroup = 93C9507816DEE94F00121B30;
			productRefGroup = 93C9508216DEE94F00121B30 /* Products */;
			projectDirPath = "";
			projectRoot = "";
			targets = (
				93C9508016DEE94F00121B30 /* Daily Nexus */,
			);
		};
/* End PBXProject section */

/* Begin PBXResourcesBuildPhase section */
		93C9507F16DEE94F00121B30 /* Resources */ = {
			isa = PBXResourcesBuildPhase;
			buildActionMask = 2147483647;
			files = (
				93C9508F16DEE94F00121B30 /* InfoPlist.strings in Resources */,
				93FB5CA316F9332400D592B0 /* NoiseBackground@2x.png in Resources */,
				93FB5CA816F93EFB00D592B0 /* white.png in Resources */,
				93DE942016FBFEE600A6D657 /* TDNFrontPageTableView.xib in Resources */,
				9363651516FE5C5900E3153B /* TDNArticleViewController.xib in Resources */,
				9363652016FF980400E3153B /* TDNFrontPageCollectionView.xib in Resources */,
				93BF9DD71700CC97005FCC7C /* TDNSectionViewController.xib in Resources */,
				93BF9DD91700D1C3005FCC7C /* TDNSlidingDrawerViewController.xib in Resources */,
				93CE7AC317011D2B00DF66C0 /* features.png in Resources */,
				93CE7AC417011D2B00DF66C0 /* features@2x.png in Resources */,
				93CE7AC517011D2B00DF66C0 /* online.png in Resources */,
				93CE7AC617011D2B00DF66C0 /* online@2x.png in Resources */,
				93CE7AC717011D2B00DF66C0 /* opinion.png in Resources */,
				93CE7AC817011D2B00DF66C0 /* opinion@2x.png in Resources */,
				93CE7AC917011D2B00DF66C0 /* science.png in Resources */,
				93CE7ACA17011D2B00DF66C0 /* science@2x.png in Resources */,
				93CE7AD317011D3400DF66C0 /* art.png in Resources */,
				93CE7AD417011D3400DF66C0 /* art@2x.png in Resources */,
				93CE7AD517011D3400DF66C0 /* food.png in Resources */,
				93CE7AD617011D3400DF66C0 /* food@2x.png in Resources */,
				93CE7AD717011D3400DF66C0 /* news.png in Resources */,
				93CE7AD817011D3400DF66C0 /* news@2x.png in Resources */,
				93CE7AD917011D3400DF66C0 /* sports.png in Resources */,
				93CE7ADA17011D3400DF66C0 /* sports@2x.png in Resources */,
				93CE7ADD17012A3100DF66C0 /* storketower.png in Resources */,
				93CE7ADE17012A3100DF66C0 /* storketower@2x.png in Resources */,
				932DB1A0170500B2007DEE5C /* chevron.png in Resources */,
				932DB1A1170500B2007DEE5C /* chevron@2x.png in Resources */,
				932DB1A517050B9A007DEE5C /* share@2x.png in Resources */,
				932DB1A717050F81007DEE5C /* back@2x.png in Resources */,
				93205A6B1705305D000D3198 /* back.png in Resources */,
				93205A6D17053248000D3198 /* sidebar@2x.png in Resources */,
				93AA886C17053743005472BB /* share.png in Resources */,
				93AA887017053A2F005472BB /* sidebar.png in Resources */,
				9320988C1706582300AB9DA7 /* Icon@2x.png in Resources */,
				9320988E1706582600AB9DA7 /* Icon-72@2x.png in Resources */,
				932098901706654D00AB9DA7 /* Icon-72.png in Resources */,
				9320989217066A3000AB9DA7 /* Icon.png in Resources */,
				932098981706822C00AB9DA7 /* NoiseBackground.png in Resources */,
				93135AEC1707733D0021F825 /* recent.png in Resources */,
				93135AED1707733D0021F825 /* recent@2x.png in Resources */,
				93135AF717077CB00021F825 /* Default-568h@2x.png in Resources */,
				93135AF817077CB00021F825 /* Default-Landscape.png in Resources */,
				93135AF917077CB00021F825 /* Default-Landscape@2x.png in Resources */,
				93135AFA17077CB00021F825 /* Default-Portrait.png in Resources */,
				93135AFB17077CB00021F825 /* Default-Portrait@2x.png in Resources */,
				93135AFC17077CB00021F825 /* Default.png in Resources */,
				93135AFD17077CB00021F825 /* Default@2x.png in Resources */,
				93135B02170792F10021F825 /* Icon-Small.png in Resources */,
				93135B03170792F10021F825 /* Icon-Small-50.png in Resources */,
				93135B04170792F10021F825 /* Icon-Small-50@2x.png in Resources */,
				93135B05170792F10021F825 /* Icon-Small@2x.png in Resources */,
				93135B07170795B90021F825 /* TDNAboutView.xib in Resources */,
				93135B091707A9720021F825 /* credits.html in Resources */,
				93135B1E1707FD7E0021F825 /* TDNCommentsViewController.xib in Resources */,
				939E729B1708BDF000697E0D /* TDNCommentPostingViewController.xib in Resources */,
				93C567C91708E4A3007CC3B6 /* add.png in Resources */,
				93C567CA1708E4A3007CC3B6 /* add@2x.png in Resources */,
			);
			runOnlyForDeploymentPostprocessing = 0;
		};
/* End PBXResourcesBuildPhase section */

/* Begin PBXSourcesBuildPhase section */
		93C9507D16DEE94F00121B30 /* Sources */ = {
			isa = PBXSourcesBuildPhase;
			buildActionMask = 2147483647;
			files = (
				93C9509116DEE94F00121B30 /* main.m in Sources */,
				93C9509516DEE94F00121B30 /* TDNAppDelegate.m in Sources */,
				93AB5D1016F9014D00EF6A8A /* TDNArticleManager.m in Sources */,
				93AB5D1316F904C100EF6A8A /* TDNArticle.m in Sources */,
				93AB5D1616F90CCF00EF6A8A /* TDNFeedParser.m in Sources */,
				93FB5CA616F93B5E00D592B0 /* TDNFrontPageViewController.m in Sources */,
				93FB5CAB16F9425C00D592B0 /* NSString+TDNAdditions.m in Sources */,
				93B2A19016FA6F2500AC06D5 /* TDNMultimediaParser.m in Sources */,
				9363651416FE5C5900E3153B /* TDNArticleViewController.m in Sources */,
				9363651E16FF7EF800E3153B /* TDNArticleCollectionViewCell.m in Sources */,
				93BF9DD21700C52D005FCC7C /* TDNSlidingDrawerViewController.m in Sources */,
				93BF9DD61700CC97005FCC7C /* TDNSectionViewController.m in Sources */,
				93CE7AE117012A6600DF66C0 /* TDNLoadingView.m in Sources */,
				93CE7AE41701507000DF66C0 /* TDNEtchedSeparatorTableViewCell.m in Sources */,
				93ED3C471701592C00896176 /* UIImage+TDNAdditions.m in Sources */,
				93135B0C1707A9B10021F825 /* TDNAboutViewController.m in Sources */,
				93135B0F1707DBFC0021F825 /* TDNCommentsParser.m in Sources */,
				93135B121707DC6F0021F825 /* TDNComment.m in Sources */,
				93135B161707E3680021F825 /* XPathQuery.m in Sources */,
				93135B1D1707FD7E0021F825 /* TDNCommentsViewController.m in Sources */,
				939E729A1708BDF000697E0D /* TDNCommentPostingViewController.m in Sources */,
			);
			runOnlyForDeploymentPostprocessing = 0;
		};
/* End PBXSourcesBuildPhase section */

/* Begin PBXVariantGroup section */
		93C9508D16DEE94F00121B30 /* InfoPlist.strings */ = {
			isa = PBXVariantGroup;
			children = (
				93C9508E16DEE94F00121B30 /* en */,
			);
			name = InfoPlist.strings;
			sourceTree = "<group>";
		};
/* End PBXVariantGroup section */

/* Begin XCBuildConfiguration section */
		93C950B116DEE94F00121B30 /* Debug */ = {
			isa = XCBuildConfiguration;
			buildSettings = {
				ALWAYS_SEARCH_USER_PATHS = NO;
				CLANG_CXX_LANGUAGE_STANDARD = "gnu++0x";
				CLANG_CXX_LIBRARY = "libc++";
				CLANG_ENABLE_OBJC_ARC = YES;
				CLANG_WARN_CONSTANT_CONVERSION = YES;
				CLANG_WARN_EMPTY_BODY = YES;
				CLANG_WARN_ENUM_CONVERSION = YES;
				CLANG_WARN_INT_CONVERSION = YES;
				CLANG_WARN__DUPLICATE_METHOD_MATCH = YES;
				"CODE_SIGN_IDENTITY[sdk=iphoneos*]" = "iPhone Developer";
				COPY_PHASE_STRIP = NO;
				GCC_C_LANGUAGE_STANDARD = gnu99;
				GCC_DYNAMIC_NO_PIC = NO;
				GCC_OPTIMIZATION_LEVEL = 0;
				GCC_PREPROCESSOR_DEFINITIONS = (
					"DEBUG=1",
					"$(inherited)",
				);
				GCC_SYMBOLS_PRIVATE_EXTERN = NO;
				GCC_WARN_ABOUT_RETURN_TYPE = YES;
				GCC_WARN_UNINITIALIZED_AUTOS = YES;
				GCC_WARN_UNUSED_VARIABLE = YES;
				IPHONEOS_DEPLOYMENT_TARGET = 6.1;
				ONLY_ACTIVE_ARCH = YES;
				SDKROOT = iphoneos;
				TARGETED_DEVICE_FAMILY = "1,2";
			};
			name = Debug;
		};
		93C950B216DEE94F00121B30 /* Release */ = {
			isa = XCBuildConfiguration;
			buildSettings = {
				ALWAYS_SEARCH_USER_PATHS = NO;
				CLANG_CXX_LANGUAGE_STANDARD = "gnu++0x";
				CLANG_CXX_LIBRARY = "libc++";
				CLANG_ENABLE_OBJC_ARC = YES;
				CLANG_WARN_CONSTANT_CONVERSION = YES;
				CLANG_WARN_EMPTY_BODY = YES;
				CLANG_WARN_ENUM_CONVERSION = YES;
				CLANG_WARN_INT_CONVERSION = YES;
				CLANG_WARN__DUPLICATE_METHOD_MATCH = YES;
				"CODE_SIGN_IDENTITY[sdk=iphoneos*]" = "iPhone Developer";
				COPY_PHASE_STRIP = YES;
				GCC_C_LANGUAGE_STANDARD = gnu99;
				GCC_WARN_ABOUT_RETURN_TYPE = YES;
				GCC_WARN_UNINITIALIZED_AUTOS = YES;
				GCC_WARN_UNUSED_VARIABLE = YES;
				IPHONEOS_DEPLOYMENT_TARGET = 6.1;
				OTHER_CFLAGS = "-DNS_BLOCK_ASSERTIONS=1";
				SDKROOT = iphoneos;
				TARGETED_DEVICE_FAMILY = "1,2";
				VALIDATE_PRODUCT = YES;
			};
			name = Release;
		};
		93C950B416DEE94F00121B30 /* Debug */ = {
			isa = XCBuildConfiguration;
			buildSettings = {
				CODE_SIGN_IDENTITY = "iPhone Developer";
				GCC_PRECOMPILE_PREFIX_HEADER = YES;
				GCC_PREFIX_HEADER = "Daily Nexus/Daily Nexus-Prefix.pch";
				HEADER_SEARCH_PATHS = $SDK_DIR/usr/include/libxml2;
				INFOPLIST_FILE = "Daily Nexus/Daily Nexus-Info.plist";
				PRODUCT_NAME = "$(TARGET_NAME)";
				PROVISIONING_PROFILE = "";
				WRAPPER_EXTENSION = app;
			};
			name = Debug;
		};
		93C950B516DEE94F00121B30 /* Release */ = {
			isa = XCBuildConfiguration;
			buildSettings = {
				CODE_SIGN_IDENTITY = "iPhone Developer";
				GCC_PRECOMPILE_PREFIX_HEADER = YES;
				GCC_PREFIX_HEADER = "Daily Nexus/Daily Nexus-Prefix.pch";
				HEADER_SEARCH_PATHS = $SDK_DIR/usr/include/libxml2;
				INFOPLIST_FILE = "Daily Nexus/Daily Nexus-Info.plist";
				PRODUCT_NAME = "$(TARGET_NAME)";
				PROVISIONING_PROFILE = "";
				WRAPPER_EXTENSION = app;
			};
			name = Release;
		};
/* End XCBuildConfiguration section */

/* Begin XCConfigurationList section */
		93C9507C16DEE94F00121B30 /* Build configuration list for PBXProject "Daily Nexus" */ = {
			isa = XCConfigurationList;
			buildConfigurations = (
				93C950B116DEE94F00121B30 /* Debug */,
				93C950B216DEE94F00121B30 /* Release */,
			);
			defaultConfigurationIsVisible = 0;
			defaultConfigurationName = Release;
		};
		93C950B316DEE94F00121B30 /* Build configuration list for PBXNativeTarget "Daily Nexus" */ = {
			isa = XCConfigurationList;
			buildConfigurations = (
				93C950B416DEE94F00121B30 /* Debug */,
				93C950B516DEE94F00121B30 /* Release */,
			);
			defaultConfigurationIsVisible = 0;
			defaultConfigurationName = Release;
		};
/* End XCConfigurationList section */
	};
	rootObject = 93C9507916DEE94F00121B30 /* Project object */;
}
