// !$*UTF8*$!
{
	archiveVersion = 1;
	classes = {
	};
	objectVersion = 46;
	objects = {

/* Begin PBXBuildFile section */
		9363651416FE5C5900E3153B /* TDNArticleViewController.m in Sources */ = {isa = PBXBuildFile; fileRef = 9363651216FE5C5900E3153B /* TDNArticleViewController.m */; };
		9363651516FE5C5900E3153B /* TDNArticleViewController.xib in Resources */ = {isa = PBXBuildFile; fileRef = 9363651316FE5C5900E3153B /* TDNArticleViewController.xib */; };
		9363651E16FF7EF800E3153B /* TDNArticleCollectionViewCell.m in Sources */ = {isa = PBXBuildFile; fileRef = 9363651D16FF7EF800E3153B /* TDNArticleCollectionViewCell.m */; };
		9363652016FF980400E3153B /* TDNFrontPageCollectionView.xib in Resources */ = {isa = PBXBuildFile; fileRef = 9363651F16FF980400E3153B /* TDNFrontPageCollectionView.xib */; };
		9363652316FF9BA800E3153B /* QuartzCore.framework in Frameworks */ = {isa = PBXBuildFile; fileRef = 9363652116FF9B9C00E3153B /* QuartzCore.framework */; };
		93AB5D1016F9014D00EF6A8A /* TDNArticleManager.m in Sources */ = {isa = PBXBuildFile; fileRef = 93AB5D0F16F9014D00EF6A8A /* TDNArticleManager.m */; };
		93AB5D1316F904C100EF6A8A /* TDNArticle.m in Sources */ = {isa = PBXBuildFile; fileRef = 93AB5D1216F904C100EF6A8A /* TDNArticle.m */; };
		93AB5D1616F90CCF00EF6A8A /* TDNFeedParser.m in Sources */ = {isa = PBXBuildFile; fileRef = 93AB5D1516F90CCF00EF6A8A /* TDNFeedParser.m */; };
		93B2A19016FA6F2500AC06D5 /* TDNMultimediaParser.m in Sources */ = {isa = PBXBuildFile; fileRef = 93B2A18F16FA6F2500AC06D5 /* TDNMultimediaParser.m */; };
		93BF9DD21700C52D005FCC7C /* TDNSlidingDrawerViewController.m in Sources */ = {isa = PBXBuildFile; fileRef = 93BF9DD11700C52D005FCC7C /* TDNSlidingDrawerViewController.m */; };
		93BF9DD61700CC97005FCC7C /* TDNSectionViewController.m in Sources */ = {isa = PBXBuildFile; fileRef = 93BF9DD41700CC97005FCC7C /* TDNSectionViewController.m */; };
		93BF9DD71700CC97005FCC7C /* TDNSectionViewController.xib in Resources */ = {isa = PBXBuildFile; fileRef = 93BF9DD51700CC97005FCC7C /* TDNSectionViewController.xib */; };
		93BF9DD91700D1C3005FCC7C /* TDNSlidingDrawerViewController.xib in Resources */ = {isa = PBXBuildFile; fileRef = 93BF9DD81700D1C3005FCC7C /* TDNSlidingDrawerViewController.xib */; };
		93C9508516DEE94F00121B30 /* UIKit.framework in Frameworks */ = {isa = PBXBuildFile; fileRef = 93C9508416DEE94F00121B30 /* UIKit.framework */; };
		93C9508716DEE94F00121B30 /* Foundation.framework in Frameworks */ = {isa = PBXBuildFile; fileRef = 93C9508616DEE94F00121B30 /* Foundation.framework */; };
		93C9508916DEE94F00121B30 /* CoreGraphics.framework in Frameworks */ = {isa = PBXBuildFile; fileRef = 93C9508816DEE94F00121B30 /* CoreGraphics.framework */; };
		93C9508F16DEE94F00121B30 /* InfoPlist.strings in Resources */ = {isa = PBXBuildFile; fileRef = 93C9508D16DEE94F00121B30 /* InfoPlist.strings */; };
		93C9509116DEE94F00121B30 /* main.m in Sources */ = {isa = PBXBuildFile; fileRef = 93C9509016DEE94F00121B30 /* main.m */; };
		93C9509516DEE94F00121B30 /* TDNAppDelegate.m in Sources */ = {isa = PBXBuildFile; fileRef = 93C9509416DEE94F00121B30 /* TDNAppDelegate.m */; };
		93C9509716DEE94F00121B30 /* Default.png in Resources */ = {isa = PBXBuildFile; fileRef = 93C9509616DEE94F00121B30 /* Default.png */; };
		93C9509916DEE94F00121B30 /* Default@2x.png in Resources */ = {isa = PBXBuildFile; fileRef = 93C9509816DEE94F00121B30 /* Default@2x.png */; };
		93C9509B16DEE94F00121B30 /* Default-568h@2x.png in Resources */ = {isa = PBXBuildFile; fileRef = 93C9509A16DEE94F00121B30 /* Default-568h@2x.png */; };
		93C950A316DEE94F00121B30 /* SenTestingKit.framework in Frameworks */ = {isa = PBXBuildFile; fileRef = 93C950A216DEE94F00121B30 /* SenTestingKit.framework */; };
		93C950A416DEE94F00121B30 /* UIKit.framework in Frameworks */ = {isa = PBXBuildFile; fileRef = 93C9508416DEE94F00121B30 /* UIKit.framework */; };
		93C950A516DEE94F00121B30 /* Foundation.framework in Frameworks */ = {isa = PBXBuildFile; fileRef = 93C9508616DEE94F00121B30 /* Foundation.framework */; };
		93C950AD16DEE94F00121B30 /* InfoPlist.strings in Resources */ = {isa = PBXBuildFile; fileRef = 93C950AB16DEE94F00121B30 /* InfoPlist.strings */; };
		93C950B016DEE94F00121B30 /* Daily_NexusTests.m in Sources */ = {isa = PBXBuildFile; fileRef = 93C950AF16DEE94F00121B30 /* Daily_NexusTests.m */; };
		93CE7AC317011D2B00DF66C0 /* features.png in Resources */ = {isa = PBXBuildFile; fileRef = 93CE7ABB17011D2B00DF66C0 /* features.png */; };
		93CE7AC417011D2B00DF66C0 /* features@2x.png in Resources */ = {isa = PBXBuildFile; fileRef = 93CE7ABC17011D2B00DF66C0 /* features@2x.png */; };
		93CE7AC517011D2B00DF66C0 /* online.png in Resources */ = {isa = PBXBuildFile; fileRef = 93CE7ABD17011D2B00DF66C0 /* online.png */; };
		93CE7AC617011D2B00DF66C0 /* online@2x.png in Resources */ = {isa = PBXBuildFile; fileRef = 93CE7ABE17011D2B00DF66C0 /* online@2x.png */; };
		93CE7AC717011D2B00DF66C0 /* opinion.png in Resources */ = {isa = PBXBuildFile; fileRef = 93CE7ABF17011D2B00DF66C0 /* opinion.png */; };
		93CE7AC817011D2B00DF66C0 /* opinion@2x.png in Resources */ = {isa = PBXBuildFile; fileRef = 93CE7AC017011D2B00DF66C0 /* opinion@2x.png */; };
		93CE7AC917011D2B00DF66C0 /* science.png in Resources */ = {isa = PBXBuildFile; fileRef = 93CE7AC117011D2B00DF66C0 /* science.png */; };
		93CE7ACA17011D2B00DF66C0 /* science@2x.png in Resources */ = {isa = PBXBuildFile; fileRef = 93CE7AC217011D2B00DF66C0 /* science@2x.png */; };
		93CE7AD317011D3400DF66C0 /* art.png in Resources */ = {isa = PBXBuildFile; fileRef = 93CE7ACB17011D3400DF66C0 /* art.png */; };
		93CE7AD417011D3400DF66C0 /* art@2x.png in Resources */ = {isa = PBXBuildFile; fileRef = 93CE7ACC17011D3400DF66C0 /* art@2x.png */; };
		93CE7AD517011D3400DF66C0 /* food.png in Resources */ = {isa = PBXBuildFile; fileRef = 93CE7ACD17011D3400DF66C0 /* food.png */; };
		93CE7AD617011D3400DF66C0 /* food@2x.png in Resources */ = {isa = PBXBuildFile; fileRef = 93CE7ACE17011D3400DF66C0 /* food@2x.png */; };
		93CE7AD717011D3400DF66C0 /* news.png in Resources */ = {isa = PBXBuildFile; fileRef = 93CE7ACF17011D3400DF66C0 /* news.png */; };
		93CE7AD817011D3400DF66C0 /* news@2x.png in Resources */ = {isa = PBXBuildFile; fileRef = 93CE7AD017011D3400DF66C0 /* news@2x.png */; };
		93CE7AD917011D3400DF66C0 /* sports.png in Resources */ = {isa = PBXBuildFile; fileRef = 93CE7AD117011D3400DF66C0 /* sports.png */; };
		93CE7ADA17011D3400DF66C0 /* sports@2x.png in Resources */ = {isa = PBXBuildFile; fileRef = 93CE7AD217011D3400DF66C0 /* sports@2x.png */; };
		93CE7ADD17012A3100DF66C0 /* storketower.png in Resources */ = {isa = PBXBuildFile; fileRef = 93CE7ADB17012A3100DF66C0 /* storketower.png */; };
		93CE7ADE17012A3100DF66C0 /* storketower@2x.png in Resources */ = {isa = PBXBuildFile; fileRef = 93CE7ADC17012A3100DF66C0 /* storketower@2x.png */; };
		93CE7AE117012A6600DF66C0 /* TDNLoadingView.m in Sources */ = {isa = PBXBuildFile; fileRef = 93CE7AE017012A6600DF66C0 /* TDNLoadingView.m */; };
		93CE7AE41701507000DF66C0 /* TDNEtchedSeparatorTableViewCell.m in Sources */ = {isa = PBXBuildFile; fileRef = 93CE7AE31701507000DF66C0 /* TDNEtchedSeparatorTableViewCell.m */; };
		93DE942016FBFEE600A6D657 /* TDNFrontPageTableView.xib in Resources */ = {isa = PBXBuildFile; fileRef = 93DE941F16FBFEE600A6D657 /* TDNFrontPageTableView.xib */; };
		93ED3C471701592C00896176 /* UIImage+TDNAdditions.m in Sources */ = {isa = PBXBuildFile; fileRef = 93ED3C461701592C00896176 /* UIImage+TDNAdditions.m */; };
		93FB5CA116F932C800D592B0 /* Icon-72@2x.png in Resources */ = {isa = PBXBuildFile; fileRef = 93FB5CA016F932C800D592B0 /* Icon-72@2x.png */; };
		93FB5CA316F9332400D592B0 /* NoiseBackground.png in Resources */ = {isa = PBXBuildFile; fileRef = 93FB5CA216F9332400D592B0 /* NoiseBackground.png */; };
		93FB5CA616F93B5E00D592B0 /* TDNFrontPageViewController.m in Sources */ = {isa = PBXBuildFile; fileRef = 93FB5CA516F93B5E00D592B0 /* TDNFrontPageViewController.m */; };
		93FB5CA816F93EFB00D592B0 /* white.png in Resources */ = {isa = PBXBuildFile; fileRef = 93FB5CA716F93EFB00D592B0 /* white.png */; };
		93FB5CAB16F9425C00D592B0 /* NSString+TDNAdditions.m in Sources */ = {isa = PBXBuildFile; fileRef = 93FB5CAA16F9425C00D592B0 /* NSString+TDNAdditions.m */; };
/* End PBXBuildFile section */

/* Begin PBXContainerItemProxy section */
		93C950A616DEE94F00121B30 /* PBXContainerItemProxy */ = {
			isa = PBXContainerItemProxy;
			containerPortal = 93C9507916DEE94F00121B30 /* Project object */;
			proxyType = 1;
			remoteGlobalIDString = 93C9508016DEE94F00121B30;
			remoteInfo = "Daily Nexus";
		};
/* End PBXContainerItemProxy section */

/* Begin PBXFileReference section */
		9363651116FE5C5900E3153B /* TDNArticleViewController.h */ = {isa = PBXFileReference; fileEncoding = 4; lastKnownFileType = sourcecode.c.h; path = TDNArticleViewController.h; sourceTree = "<group>"; };
		9363651216FE5C5900E3153B /* TDNArticleViewController.m */ = {isa = PBXFileReference; fileEncoding = 4; lastKnownFileType = sourcecode.c.objc; path = TDNArticleViewController.m; sourceTree = "<group>"; };
		9363651316FE5C5900E3153B /* TDNArticleViewController.xib */ = {isa = PBXFileReference; fileEncoding = 4; lastKnownFileType = file.xib; path = TDNArticleViewController.xib; sourceTree = "<group>"; };
		9363651C16FF7EF800E3153B /* TDNArticleCollectionViewCell.h */ = {isa = PBXFileReference; fileEncoding = 4; lastKnownFileType = sourcecode.c.h; path = TDNArticleCollectionViewCell.h; sourceTree = "<group>"; };
		9363651D16FF7EF800E3153B /* TDNArticleCollectionViewCell.m */ = {isa = PBXFileReference; fileEncoding = 4; lastKnownFileType = sourcecode.c.objc; path = TDNArticleCollectionViewCell.m; sourceTree = "<group>"; };
		9363651F16FF980400E3153B /* TDNFrontPageCollectionView.xib */ = {isa = PBXFileReference; fileEncoding = 4; lastKnownFileType = file.xib; path = TDNFrontPageCollectionView.xib; sourceTree = "<group>"; };
		9363652116FF9B9C00E3153B /* QuartzCore.framework */ = {isa = PBXFileReference; lastKnownFileType = wrapper.framework; name = QuartzCore.framework; path = System/Library/Frameworks/QuartzCore.framework; sourceTree = SDKROOT; };
		93AB5D0E16F9014D00EF6A8A /* TDNArticleManager.h */ = {isa = PBXFileReference; fileEncoding = 4; lastKnownFileType = sourcecode.c.h; path = TDNArticleManager.h; sourceTree = "<group>"; };
		93AB5D0F16F9014D00EF6A8A /* TDNArticleManager.m */ = {isa = PBXFileReference; fileEncoding = 4; lastKnownFileType = sourcecode.c.objc; path = TDNArticleManager.m; sourceTree = "<group>"; };
		93AB5D1116F904C100EF6A8A /* TDNArticle.h */ = {isa = PBXFileReference; fileEncoding = 4; lastKnownFileType = sourcecode.c.h; path = TDNArticle.h; sourceTree = "<group>"; };
		93AB5D1216F904C100EF6A8A /* TDNArticle.m */ = {isa = PBXFileReference; fileEncoding = 4; lastKnownFileType = sourcecode.c.objc; path = TDNArticle.m; sourceTree = "<group>"; };
		93AB5D1416F90CCF00EF6A8A /* TDNFeedParser.h */ = {isa = PBXFileReference; fileEncoding = 4; lastKnownFileType = sourcecode.c.h; path = TDNFeedParser.h; sourceTree = "<group>"; };
		93AB5D1516F90CCF00EF6A8A /* TDNFeedParser.m */ = {isa = PBXFileReference; fileEncoding = 4; lastKnownFileType = sourcecode.c.objc; path = TDNFeedParser.m; sourceTree = "<group>"; };
		93B2A18E16FA6F2500AC06D5 /* TDNMultimediaParser.h */ = {isa = PBXFileReference; fileEncoding = 4; lastKnownFileType = sourcecode.c.h; path = TDNMultimediaParser.h; sourceTree = "<group>"; };
		93B2A18F16FA6F2500AC06D5 /* TDNMultimediaParser.m */ = {isa = PBXFileReference; fileEncoding = 4; lastKnownFileType = sourcecode.c.objc; path = TDNMultimediaParser.m; sourceTree = "<group>"; };
		93BF9DD01700C52D005FCC7C /* TDNSlidingDrawerViewController.h */ = {isa = PBXFileReference; fileEncoding = 4; lastKnownFileType = sourcecode.c.h; path = TDNSlidingDrawerViewController.h; sourceTree = "<group>"; };
		93BF9DD11700C52D005FCC7C /* TDNSlidingDrawerViewController.m */ = {isa = PBXFileReference; fileEncoding = 4; lastKnownFileType = sourcecode.c.objc; path = TDNSlidingDrawerViewController.m; sourceTree = "<group>"; };
		93BF9DD31700CC97005FCC7C /* TDNSectionViewController.h */ = {isa = PBXFileReference; fileEncoding = 4; lastKnownFileType = sourcecode.c.h; path = TDNSectionViewController.h; sourceTree = "<group>"; };
		93BF9DD41700CC97005FCC7C /* TDNSectionViewController.m */ = {isa = PBXFileReference; fileEncoding = 4; lastKnownFileType = sourcecode.c.objc; path = TDNSectionViewController.m; sourceTree = "<group>"; };
		93BF9DD51700CC97005FCC7C /* TDNSectionViewController.xib */ = {isa = PBXFileReference; fileEncoding = 4; lastKnownFileType = file.xib; path = TDNSectionViewController.xib; sourceTree = "<group>"; };
		93BF9DD81700D1C3005FCC7C /* TDNSlidingDrawerViewController.xib */ = {isa = PBXFileReference; fileEncoding = 4; lastKnownFileType = file.xib; path = TDNSlidingDrawerViewController.xib; sourceTree = "<group>"; };
		93C9508116DEE94F00121B30 /* Daily Nexus.app */ = {isa = PBXFileReference; explicitFileType = wrapper.application; includeInIndex = 0; path = "Daily Nexus.app"; sourceTree = BUILT_PRODUCTS_DIR; };
		93C9508416DEE94F00121B30 /* UIKit.framework */ = {isa = PBXFileReference; lastKnownFileType = wrapper.framework; name = UIKit.framework; path = System/Library/Frameworks/UIKit.framework; sourceTree = SDKROOT; };
		93C9508616DEE94F00121B30 /* Foundation.framework */ = {isa = PBXFileReference; lastKnownFileType = wrapper.framework; name = Foundation.framework; path = System/Library/Frameworks/Foundation.framework; sourceTree = SDKROOT; };
		93C9508816DEE94F00121B30 /* CoreGraphics.framework */ = {isa = PBXFileReference; lastKnownFileType = wrapper.framework; name = CoreGraphics.framework; path = System/Library/Frameworks/CoreGraphics.framework; sourceTree = SDKROOT; };
		93C9508C16DEE94F00121B30 /* Daily Nexus-Info.plist */ = {isa = PBXFileReference; lastKnownFileType = text.plist.xml; path = "Daily Nexus-Info.plist"; sourceTree = "<group>"; };
		93C9508E16DEE94F00121B30 /* en */ = {isa = PBXFileReference; lastKnownFileType = text.plist.strings; name = en; path = en.lproj/InfoPlist.strings; sourceTree = "<group>"; };
		93C9509016DEE94F00121B30 /* main.m */ = {isa = PBXFileReference; lastKnownFileType = sourcecode.c.objc; path = main.m; sourceTree = "<group>"; };
		93C9509216DEE94F00121B30 /* Daily Nexus-Prefix.pch */ = {isa = PBXFileReference; lastKnownFileType = sourcecode.c.h; path = "Daily Nexus-Prefix.pch"; sourceTree = "<group>"; };
		93C9509316DEE94F00121B30 /* TDNAppDelegate.h */ = {isa = PBXFileReference; lastKnownFileType = sourcecode.c.h; path = TDNAppDelegate.h; sourceTree = "<group>"; };
		93C9509416DEE94F00121B30 /* TDNAppDelegate.m */ = {isa = PBXFileReference; lastKnownFileType = sourcecode.c.objc; path = TDNAppDelegate.m; sourceTree = "<group>"; };
		93C9509616DEE94F00121B30 /* Default.png */ = {isa = PBXFileReference; lastKnownFileType = image.png; path = Default.png; sourceTree = "<group>"; };
		93C9509816DEE94F00121B30 /* Default@2x.png */ = {isa = PBXFileReference; lastKnownFileType = image.png; path = "Default@2x.png"; sourceTree = "<group>"; };
		93C9509A16DEE94F00121B30 /* Default-568h@2x.png */ = {isa = PBXFileReference; lastKnownFileType = image.png; path = "Default-568h@2x.png"; sourceTree = "<group>"; };
		93C950A116DEE94F00121B30 /* Daily NexusTests.octest */ = {isa = PBXFileReference; explicitFileType = wrapper.cfbundle; includeInIndex = 0; path = "Daily NexusTests.octest"; sourceTree = BUILT_PRODUCTS_DIR; };
		93C950A216DEE94F00121B30 /* SenTestingKit.framework */ = {isa = PBXFileReference; lastKnownFileType = wrapper.framework; name = SenTestingKit.framework; path = Library/Frameworks/SenTestingKit.framework; sourceTree = DEVELOPER_DIR; };
		93C950AA16DEE94F00121B30 /* Daily NexusTests-Info.plist */ = {isa = PBXFileReference; lastKnownFileType = text.plist.xml; path = "Daily NexusTests-Info.plist"; sourceTree = "<group>"; };
		93C950AC16DEE94F00121B30 /* en */ = {isa = PBXFileReference; lastKnownFileType = text.plist.strings; name = en; path = en.lproj/InfoPlist.strings; sourceTree = "<group>"; };
		93C950AE16DEE94F00121B30 /* Daily_NexusTests.h */ = {isa = PBXFileReference; lastKnownFileType = sourcecode.c.h; path = Daily_NexusTests.h; sourceTree = "<group>"; };
		93C950AF16DEE94F00121B30 /* Daily_NexusTests.m */ = {isa = PBXFileReference; lastKnownFileType = sourcecode.c.objc; path = Daily_NexusTests.m; sourceTree = "<group>"; };
		93CE7ABB17011D2B00DF66C0 /* features.png */ = {isa = PBXFileReference; lastKnownFileType = image.png; path = features.png; sourceTree = "<group>"; };
		93CE7ABC17011D2B00DF66C0 /* features@2x.png */ = {isa = PBXFileReference; lastKnownFileType = image.png; path = "features@2x.png"; sourceTree = "<group>"; };
		93CE7ABD17011D2B00DF66C0 /* online.png */ = {isa = PBXFileReference; lastKnownFileType = image.png; path = online.png; sourceTree = "<group>"; };
		93CE7ABE17011D2B00DF66C0 /* online@2x.png */ = {isa = PBXFileReference; lastKnownFileType = image.png; path = "online@2x.png"; sourceTree = "<group>"; };
		93CE7ABF17011D2B00DF66C0 /* opinion.png */ = {isa = PBXFileReference; lastKnownFileType = image.png; path = opinion.png; sourceTree = "<group>"; };
		93CE7AC017011D2B00DF66C0 /* opinion@2x.png */ = {isa = PBXFileReference; lastKnownFileType = image.png; path = "opinion@2x.png"; sourceTree = "<group>"; };
		93CE7AC117011D2B00DF66C0 /* science.png */ = {isa = PBXFileReference; lastKnownFileType = image.png; path = science.png; sourceTree = "<group>"; };
		93CE7AC217011D2B00DF66C0 /* science@2x.png */ = {isa = PBXFileReference; lastKnownFileType = image.png; path = "science@2x.png"; sourceTree = "<group>"; };
		93CE7ACB17011D3400DF66C0 /* art.png */ = {isa = PBXFileReference; lastKnownFileType = image.png; path = art.png; sourceTree = "<group>"; };
		93CE7ACC17011D3400DF66C0 /* art@2x.png */ = {isa = PBXFileReference; lastKnownFileType = image.png; path = "art@2x.png"; sourceTree = "<group>"; };
		93CE7ACD17011D3400DF66C0 /* food.png */ = {isa = PBXFileReference; lastKnownFileType = image.png; path = food.png; sourceTree = "<group>"; };
		93CE7ACE17011D3400DF66C0 /* food@2x.png */ = {isa = PBXFileReference; lastKnownFileType = image.png; path = "food@2x.png"; sourceTree = "<group>"; };
		93CE7ACF17011D3400DF66C0 /* news.png */ = {isa = PBXFileReference; lastKnownFileType = image.png; path = news.png; sourceTree = "<group>"; };
		93CE7AD017011D3400DF66C0 /* news@2x.png */ = {isa = PBXFileReference; lastKnownFileType = image.png; path = "news@2x.png"; sourceTree = "<group>"; };
		93CE7AD117011D3400DF66C0 /* sports.png */ = {isa = PBXFileReference; lastKnownFileType = image.png; path = sports.png; sourceTree = "<group>"; };
		93CE7AD217011D3400DF66C0 /* sports@2x.png */ = {isa = PBXFileReference; lastKnownFileType = image.png; path = "sports@2x.png"; sourceTree = "<group>"; };
		93CE7ADB17012A3100DF66C0 /* storketower.png */ = {isa = PBXFileReference; lastKnownFileType = image.png; path = storketower.png; sourceTree = "<group>"; };
		93CE7ADC17012A3100DF66C0 /* storketower@2x.png */ = {isa = PBXFileReference; lastKnownFileType = image.png; path = "storketower@2x.png"; sourceTree = "<group>"; };
		93CE7ADF17012A6600DF66C0 /* TDNLoadingView.h */ = {isa = PBXFileReference; fileEncoding = 4; lastKnownFileType = sourcecode.c.h; path = TDNLoadingView.h; sourceTree = "<group>"; };
		93CE7AE017012A6600DF66C0 /* TDNLoadingView.m */ = {isa = PBXFileReference; fileEncoding = 4; lastKnownFileType = sourcecode.c.objc; path = TDNLoadingView.m; sourceTree = "<group>"; };
		93CE7AE21701507000DF66C0 /* TDNEtchedSeparatorTableViewCell.h */ = {isa = PBXFileReference; fileEncoding = 4; lastKnownFileType = sourcecode.c.h; path = TDNEtchedSeparatorTableViewCell.h; sourceTree = "<group>"; };
		93CE7AE31701507000DF66C0 /* TDNEtchedSeparatorTableViewCell.m */ = {isa = PBXFileReference; fileEncoding = 4; lastKnownFileType = sourcecode.c.objc; path = TDNEtchedSeparatorTableViewCell.m; sourceTree = "<group>"; };
		93DE941F16FBFEE600A6D657 /* TDNFrontPageTableView.xib */ = {isa = PBXFileReference; fileEncoding = 4; lastKnownFileType = file.xib; path = TDNFrontPageTableView.xib; sourceTree = "<group>"; };
		93ED3C451701592C00896176 /* UIImage+TDNAdditions.h */ = {isa = PBXFileReference; fileEncoding = 4; lastKnownFileType = sourcecode.c.h; path = "UIImage+TDNAdditions.h"; sourceTree = "<group>"; };
		93ED3C461701592C00896176 /* UIImage+TDNAdditions.m */ = {isa = PBXFileReference; fileEncoding = 4; lastKnownFileType = sourcecode.c.objc; path = "UIImage+TDNAdditions.m"; sourceTree = "<group>"; };
		93FB5CA016F932C800D592B0 /* Icon-72@2x.png */ = {isa = PBXFileReference; lastKnownFileType = image.png; path = "Icon-72@2x.png"; sourceTree = "<group>"; };
		93FB5CA216F9332400D592B0 /* NoiseBackground.png */ = {isa = PBXFileReference; lastKnownFileType = image.png; path = NoiseBackground.png; sourceTree = "<group>"; };
		93FB5CA416F93B5E00D592B0 /* TDNFrontPageViewController.h */ = {isa = PBXFileReference; fileEncoding = 4; lastKnownFileType = sourcecode.c.h; path = TDNFrontPageViewController.h; sourceTree = "<group>"; };
		93FB5CA516F93B5E00D592B0 /* TDNFrontPageViewController.m */ = {isa = PBXFileReference; fileEncoding = 4; lastKnownFileType = sourcecode.c.objc; path = TDNFrontPageViewController.m; sourceTree = "<group>"; };
		93FB5CA716F93EFB00D592B0 /* white.png */ = {isa = PBXFileReference; lastKnownFileType = image.png; path = white.png; sourceTree = "<group>"; };
		93FB5CA916F9425C00D592B0 /* NSString+TDNAdditions.h */ = {isa = PBXFileReference; fileEncoding = 4; lastKnownFileType = sourcecode.c.h; path = "NSString+TDNAdditions.h"; sourceTree = "<group>"; };
		93FB5CAA16F9425C00D592B0 /* NSString+TDNAdditions.m */ = {isa = PBXFileReference; fileEncoding = 4; lastKnownFileType = sourcecode.c.objc; path = "NSString+TDNAdditions.m"; sourceTree = "<group>"; };
/* End PBXFileReference section */

/* Begin PBXFrameworksBuildPhase section */
		93C9507E16DEE94F00121B30 /* Frameworks */ = {
			isa = PBXFrameworksBuildPhase;
			buildActionMask = 2147483647;
			files = (
				93C9508516DEE94F00121B30 /* UIKit.framework in Frameworks */,
				93C9508716DEE94F00121B30 /* Foundation.framework in Frameworks */,
				9363652316FF9BA800E3153B /* QuartzCore.framework in Frameworks */,
				93C9508916DEE94F00121B30 /* CoreGraphics.framework in Frameworks */,
			);
			runOnlyForDeploymentPostprocessing = 0;
		};
		93C9509D16DEE94F00121B30 /* Frameworks */ = {
			isa = PBXFrameworksBuildPhase;
			buildActionMask = 2147483647;
			files = (
				93C950A316DEE94F00121B30 /* SenTestingKit.framework in Frameworks */,
				93C950A416DEE94F00121B30 /* UIKit.framework in Frameworks */,
				93C950A516DEE94F00121B30 /* Foundation.framework in Frameworks */,
			);
			runOnlyForDeploymentPostprocessing = 0;
		};
/* End PBXFrameworksBuildPhase section */

/* Begin PBXGroup section */
		931B5AED16FD61F400151548 /* Views */ = {
			isa = PBXGroup;
			children = (
				9363651C16FF7EF800E3153B /* TDNArticleCollectionViewCell.h */,
				9363651D16FF7EF800E3153B /* TDNArticleCollectionViewCell.m */,
				93CE7AE21701507000DF66C0 /* TDNEtchedSeparatorTableViewCell.h */,
				93CE7AE31701507000DF66C0 /* TDNEtchedSeparatorTableViewCell.m */,
			);
			name = Views;
			sourceTree = "<group>";
		};
		9363652416FF9C5300E3153B /* Images */ = {
			isa = PBXGroup;
			children = (
				93CE7ADB17012A3100DF66C0 /* storketower.png */,
				93CE7ADC17012A3100DF66C0 /* storketower@2x.png */,
				93CE7ABB17011D2B00DF66C0 /* features.png */,
				93CE7ABC17011D2B00DF66C0 /* features@2x.png */,
				93CE7ABD17011D2B00DF66C0 /* online.png */,
				93CE7ABE17011D2B00DF66C0 /* online@2x.png */,
				93CE7ABF17011D2B00DF66C0 /* opinion.png */,
				93CE7AC017011D2B00DF66C0 /* opinion@2x.png */,
				93CE7AC117011D2B00DF66C0 /* science.png */,
				93CE7AC217011D2B00DF66C0 /* science@2x.png */,
				93CE7ACB17011D3400DF66C0 /* art.png */,
				93CE7ACC17011D3400DF66C0 /* art@2x.png */,
				93CE7ACD17011D3400DF66C0 /* food.png */,
				93CE7ACE17011D3400DF66C0 /* food@2x.png */,
				93CE7ACF17011D3400DF66C0 /* news.png */,
				93CE7AD017011D3400DF66C0 /* news@2x.png */,
				93CE7AD117011D3400DF66C0 /* sports.png */,
				93CE7AD217011D3400DF66C0 /* sports@2x.png */,
				93FB5CA716F93EFB00D592B0 /* white.png */,
				93FB5CA016F932C800D592B0 /* Icon-72@2x.png */,
				93FB5CA216F9332400D592B0 /* NoiseBackground.png */,
				93C9509616DEE94F00121B30 /* Default.png */,
				93C9509816DEE94F00121B30 /* Default@2x.png */,
				93C9509A16DEE94F00121B30 /* Default-568h@2x.png */,
			);
			name = Images;
			sourceTree = "<group>";
		};
		9363652516FF9C5F00E3153B /* XIBs */ = {
			isa = PBXGroup;
			children = (
				93DE941F16FBFEE600A6D657 /* TDNFrontPageTableView.xib */,
				9363651F16FF980400E3153B /* TDNFrontPageCollectionView.xib */,
				9363651316FE5C5900E3153B /* TDNArticleViewController.xib */,
				93BF9DD51700CC97005FCC7C /* TDNSectionViewController.xib */,
				93BF9DD81700D1C3005FCC7C /* TDNSlidingDrawerViewController.xib */,
			);
			name = XIBs;
			sourceTree = "<group>";
		};
		93B2A19116FA83E000AC06D5 /* Data Model */ = {
			isa = PBXGroup;
			children = (
				93AB5D0E16F9014D00EF6A8A /* TDNArticleManager.h */,
				93AB5D0F16F9014D00EF6A8A /* TDNArticleManager.m */,
				93AB5D1116F904C100EF6A8A /* TDNArticle.h */,
				93AB5D1216F904C100EF6A8A /* TDNArticle.m */,
			);
			name = "Data Model";
			sourceTree = "<group>";
		};
		93B2A19216FA83EF00AC06D5 /* View Controllers */ = {
			isa = PBXGroup;
			children = (
				93BF9DD01700C52D005FCC7C /* TDNSlidingDrawerViewController.h */,
				93BF9DD11700C52D005FCC7C /* TDNSlidingDrawerViewController.m */,
				93FB5CA416F93B5E00D592B0 /* TDNFrontPageViewController.h */,
				93FB5CA516F93B5E00D592B0 /* TDNFrontPageViewController.m */,
				9363651116FE5C5900E3153B /* TDNArticleViewController.h */,
				9363651216FE5C5900E3153B /* TDNArticleViewController.m */,
				93BF9DD31700CC97005FCC7C /* TDNSectionViewController.h */,
				93BF9DD41700CC97005FCC7C /* TDNSectionViewController.m */,
				93CE7ADF17012A6600DF66C0 /* TDNLoadingView.h */,
				93CE7AE017012A6600DF66C0 /* TDNLoadingView.m */,
			);
			name = "View Controllers";
			sourceTree = "<group>";
		};
		93B2A19316FA83FE00AC06D5 /* Parsers */ = {
			isa = PBXGroup;
			children = (
				93AB5D1416F90CCF00EF6A8A /* TDNFeedParser.h */,
				93AB5D1516F90CCF00EF6A8A /* TDNFeedParser.m */,
				93B2A18E16FA6F2500AC06D5 /* TDNMultimediaParser.h */,
				93B2A18F16FA6F2500AC06D5 /* TDNMultimediaParser.m */,
			);
			name = Parsers;
			sourceTree = "<group>";
		};
		93B2A19516FA843700AC06D5 /* Categories */ = {
			isa = PBXGroup;
			children = (
				93FB5CA916F9425C00D592B0 /* NSString+TDNAdditions.h */,
				93FB5CAA16F9425C00D592B0 /* NSString+TDNAdditions.m */,
				93ED3C451701592C00896176 /* UIImage+TDNAdditions.h */,
				93ED3C461701592C00896176 /* UIImage+TDNAdditions.m */,
			);
			name = Categories;
			sourceTree = "<group>";
		};
		93C9507816DEE94F00121B30 = {
			isa = PBXGroup;
			children = (
				93C9508A16DEE94F00121B30 /* Daily Nexus */,
				93C950A816DEE94F00121B30 /* Daily NexusTests */,
				93C9508316DEE94F00121B30 /* Frameworks */,
				93C9508216DEE94F00121B30 /* Products */,
			);
			sourceTree = "<group>";
		};
		93C9508216DEE94F00121B30 /* Products */ = {
			isa = PBXGroup;
			children = (
				93C9508116DEE94F00121B30 /* Daily Nexus.app */,
				93C950A116DEE94F00121B30 /* Daily NexusTests.octest */,
			);
			name = Products;
			sourceTree = "<group>";
		};
		93C9508316DEE94F00121B30 /* Frameworks */ = {
			isa = PBXGroup;
			children = (
				9363652116FF9B9C00E3153B /* QuartzCore.framework */,
				93C9508416DEE94F00121B30 /* UIKit.framework */,
				93C9508616DEE94F00121B30 /* Foundation.framework */,
				93C9508816DEE94F00121B30 /* CoreGraphics.framework */,
				93C950A216DEE94F00121B30 /* SenTestingKit.framework */,
			);
			name = Frameworks;
			sourceTree = "<group>";
		};
		93C9508A16DEE94F00121B30 /* Daily Nexus */ = {
			isa = PBXGroup;
			children = (
				93C9509316DEE94F00121B30 /* TDNAppDelegate.h */,
				93C9509416DEE94F00121B30 /* TDNAppDelegate.m */,
				93B2A19116FA83E000AC06D5 /* Data Model */,
				93B2A19316FA83FE00AC06D5 /* Parsers */,
				93B2A19216FA83EF00AC06D5 /* View Controllers */,
				931B5AED16FD61F400151548 /* Views */,
				93B2A19516FA843700AC06D5 /* Categories */,
				93C9508B16DEE94F00121B30 /* Supporting Files */,
			);
			path = "Daily Nexus";
			sourceTree = "<group>";
		};
		93C9508B16DEE94F00121B30 /* Supporting Files */ = {
			isa = PBXGroup;
			children = (
				9363652516FF9C5F00E3153B /* XIBs */,
				9363652416FF9C5300E3153B /* Images */,
				93C9509216DEE94F00121B30 /* Daily Nexus-Prefix.pch */,
				93C9509016DEE94F00121B30 /* main.m */,
				93C9508C16DEE94F00121B30 /* Daily Nexus-Info.plist */,
				93C9508D16DEE94F00121B30 /* InfoPlist.strings */,
			);
			name = "Supporting Files";
			sourceTree = "<group>";
		};
		93C950A816DEE94F00121B30 /* Daily NexusTests */ = {
			isa = PBXGroup;
			children = (
				93C950AE16DEE94F00121B30 /* Daily_NexusTests.h */,
				93C950AF16DEE94F00121B30 /* Daily_NexusTests.m */,
				93C950A916DEE94F00121B30 /* Supporting Files */,
			);
			path = "Daily NexusTests";
			sourceTree = "<group>";
		};
		93C950A916DEE94F00121B30 /* Supporting Files */ = {
			isa = PBXGroup;
			children = (
				93C950AA16DEE94F00121B30 /* Daily NexusTests-Info.plist */,
				93C950AB16DEE94F00121B30 /* InfoPlist.strings */,
			);
			name = "Supporting Files";
			sourceTree = "<group>";
		};
/* End PBXGroup section */

/* Begin PBXNativeTarget section */
		93C9508016DEE94F00121B30 /* Daily Nexus */ = {
			isa = PBXNativeTarget;
			buildConfigurationList = 93C950B316DEE94F00121B30 /* Build configuration list for PBXNativeTarget "Daily Nexus" */;
			buildPhases = (
				93C9507D16DEE94F00121B30 /* Sources */,
				93C9507E16DEE94F00121B30 /* Frameworks */,
				93C9507F16DEE94F00121B30 /* Resources */,
			);
			buildRules = (
			);
			dependencies = (
			);
			name = "Daily Nexus";
			productName = "Daily Nexus";
			productReference = 93C9508116DEE94F00121B30 /* Daily Nexus.app */;
			productType = "com.apple.product-type.application";
		};
		93C950A016DEE94F00121B30 /* Daily NexusTests */ = {
			isa = PBXNativeTarget;
			buildConfigurationList = 93C950B616DEE94F00121B30 /* Build configuration list for PBXNativeTarget "Daily NexusTests" */;
			buildPhases = (
				93C9509C16DEE94F00121B30 /* Sources */,
				93C9509D16DEE94F00121B30 /* Frameworks */,
				93C9509E16DEE94F00121B30 /* Resources */,
				93C9509F16DEE94F00121B30 /* ShellScript */,
			);
			buildRules = (
			);
			dependencies = (
				93C950A716DEE94F00121B30 /* PBXTargetDependency */,
			);
			name = "Daily NexusTests";
			productName = "Daily NexusTests";
			productReference = 93C950A116DEE94F00121B30 /* Daily NexusTests.octest */;
			productType = "com.apple.product-type.bundle";
		};
/* End PBXNativeTarget section */

/* Begin PBXProject section */
		93C9507916DEE94F00121B30 /* Project object */ = {
			isa = PBXProject;
			attributes = {
				CLASSPREFIX = TDN;
				LastUpgradeCheck = 0460;
				ORGANIZATIONNAME = "Daily Nexus";
			};
			buildConfigurationList = 93C9507C16DEE94F00121B30 /* Build configuration list for PBXProject "Daily Nexus" */;
			compatibilityVersion = "Xcode 3.2";
			developmentRegion = English;
			hasScannedForEncodings = 0;
			knownRegions = (
				en,
			);
			mainGroup = 93C9507816DEE94F00121B30;
			productRefGroup = 93C9508216DEE94F00121B30 /* Products */;
			projectDirPath = "";
			projectRoot = "";
			targets = (
				93C9508016DEE94F00121B30 /* Daily Nexus */,
				93C950A016DEE94F00121B30 /* Daily NexusTests */,
			);
		};
/* End PBXProject section */

/* Begin PBXResourcesBuildPhase section */
		93C9507F16DEE94F00121B30 /* Resources */ = {
			isa = PBXResourcesBuildPhase;
			buildActionMask = 2147483647;
			files = (
				93C9508F16DEE94F00121B30 /* InfoPlist.strings in Resources */,
				93C9509716DEE94F00121B30 /* Default.png in Resources */,
				93C9509916DEE94F00121B30 /* Default@2x.png in Resources */,
				93C9509B16DEE94F00121B30 /* Default-568h@2x.png in Resources */,
				93FB5CA116F932C800D592B0 /* Icon-72@2x.png in Resources */,
				93FB5CA316F9332400D592B0 /* NoiseBackground.png in Resources */,
				93FB5CA816F93EFB00D592B0 /* white.png in Resources */,
				93DE942016FBFEE600A6D657 /* TDNFrontPageTableView.xib in Resources */,
				9363651516FE5C5900E3153B /* TDNArticleViewController.xib in Resources */,
				9363652016FF980400E3153B /* TDNFrontPageCollectionView.xib in Resources */,
				93BF9DD71700CC97005FCC7C /* TDNSectionViewController.xib in Resources */,
				93BF9DD91700D1C3005FCC7C /* TDNSlidingDrawerViewController.xib in Resources */,
				93CE7AC317011D2B00DF66C0 /* features.png in Resources */,
				93CE7AC417011D2B00DF66C0 /* features@2x.png in Resources */,
				93CE7AC517011D2B00DF66C0 /* online.png in Resources */,
				93CE7AC617011D2B00DF66C0 /* online@2x.png in Resources */,
				93CE7AC717011D2B00DF66C0 /* opinion.png in Resources */,
				93CE7AC817011D2B00DF66C0 /* opinion@2x.png in Resources */,
				93CE7AC917011D2B00DF66C0 /* science.png in Resources */,
				93CE7ACA17011D2B00DF66C0 /* science@2x.png in Resources */,
				93CE7AD317011D3400DF66C0 /* art.png in Resources */,
				93CE7AD417011D3400DF66C0 /* art@2x.png in Resources */,
				93CE7AD517011D3400DF66C0 /* food.png in Resources */,
				93CE7AD617011D3400DF66C0 /* food@2x.png in Resources */,
				93CE7AD717011D3400DF66C0 /* news.png in Resources */,
				93CE7AD817011D3400DF66C0 /* news@2x.png in Resources */,
				93CE7AD917011D3400DF66C0 /* sports.png in Resources */,
				93CE7ADA17011D3400DF66C0 /* sports@2x.png in Resources */,
				93CE7ADD17012A3100DF66C0 /* storketower.png in Resources */,
				93CE7ADE17012A3100DF66C0 /* storketower@2x.png in Resources */,
			);
			runOnlyForDeploymentPostprocessing = 0;
		};
		93C9509E16DEE94F00121B30 /* Resources */ = {
			isa = PBXResourcesBuildPhase;
			buildActionMask = 2147483647;
			files = (
				93C950AD16DEE94F00121B30 /* InfoPlist.strings in Resources */,
			);
			runOnlyForDeploymentPostprocessing = 0;
		};
/* End PBXResourcesBuildPhase section */

/* Begin PBXShellScriptBuildPhase section */
		93C9509F16DEE94F00121B30 /* ShellScript */ = {
			isa = PBXShellScriptBuildPhase;
			buildActionMask = 2147483647;
			files = (
			);
			inputPaths = (
			);
			outputPaths = (
			);
			runOnlyForDeploymentPostprocessing = 0;
			shellPath = /bin/sh;
			shellScript = "# Run the unit tests in this test bundle.\n\"${SYSTEM_DEVELOPER_DIR}/Tools/RunUnitTests\"\n";
		};
/* End PBXShellScriptBuildPhase section */

/* Begin PBXSourcesBuildPhase section */
		93C9507D16DEE94F00121B30 /* Sources */ = {
			isa = PBXSourcesBuildPhase;
			buildActionMask = 2147483647;
			files = (
				93C9509116DEE94F00121B30 /* main.m in Sources */,
				93C9509516DEE94F00121B30 /* TDNAppDelegate.m in Sources */,
				93AB5D1016F9014D00EF6A8A /* TDNArticleManager.m in Sources */,
				93AB5D1316F904C100EF6A8A /* TDNArticle.m in Sources */,
				93AB5D1616F90CCF00EF6A8A /* TDNFeedParser.m in Sources */,
				93FB5CA616F93B5E00D592B0 /* TDNFrontPageViewController.m in Sources */,
				93FB5CAB16F9425C00D592B0 /* NSString+TDNAdditions.m in Sources */,
				93B2A19016FA6F2500AC06D5 /* TDNMultimediaParser.m in Sources */,
				9363651416FE5C5900E3153B /* TDNArticleViewController.m in Sources */,
				9363651E16FF7EF800E3153B /* TDNArticleCollectionViewCell.m in Sources */,
				93BF9DD21700C52D005FCC7C /* TDNSlidingDrawerViewController.m in Sources */,
				93BF9DD61700CC97005FCC7C /* TDNSectionViewController.m in Sources */,
				93CE7AE117012A6600DF66C0 /* TDNLoadingView.m in Sources */,
				93CE7AE41701507000DF66C0 /* TDNEtchedSeparatorTableViewCell.m in Sources */,
				93ED3C471701592C00896176 /* UIImage+TDNAdditions.m in Sources */,
			);
			runOnlyForDeploymentPostprocessing = 0;
		};
		93C9509C16DEE94F00121B30 /* Sources */ = {
			isa = PBXSourcesBuildPhase;
			buildActionMask = 2147483647;
			files = (
				93C950B016DEE94F00121B30 /* Daily_NexusTests.m in Sources */,
			);
			runOnlyForDeploymentPostprocessing = 0;
		};
/* End PBXSourcesBuildPhase section */

/* Begin PBXTargetDependency section */
		93C950A716DEE94F00121B30 /* PBXTargetDependency */ = {
			isa = PBXTargetDependency;
			target = 93C9508016DEE94F00121B30 /* Daily Nexus */;
			targetProxy = 93C950A616DEE94F00121B30 /* PBXContainerItemProxy */;
		};
/* End PBXTargetDependency section */

/* Begin PBXVariantGroup section */
		93C9508D16DEE94F00121B30 /* InfoPlist.strings */ = {
			isa = PBXVariantGroup;
			children = (
				93C9508E16DEE94F00121B30 /* en */,
			);
			name = InfoPlist.strings;
			sourceTree = "<group>";
		};
		93C950AB16DEE94F00121B30 /* InfoPlist.strings */ = {
			isa = PBXVariantGroup;
			children = (
				93C950AC16DEE94F00121B30 /* en */,
			);
			name = InfoPlist.strings;
			sourceTree = "<group>";
		};
/* End PBXVariantGroup section */

/* Begin XCBuildConfiguration section */
		93C950B116DEE94F00121B30 /* Debug */ = {
			isa = XCBuildConfiguration;
			buildSettings = {
				ALWAYS_SEARCH_USER_PATHS = NO;
				CLANG_CXX_LANGUAGE_STANDARD = "gnu++0x";
				CLANG_CXX_LIBRARY = "libc++";
				CLANG_ENABLE_OBJC_ARC = YES;
				CLANG_WARN_CONSTANT_CONVERSION = YES;
				CLANG_WARN_EMPTY_BODY = YES;
				CLANG_WARN_ENUM_CONVERSION = YES;
				CLANG_WARN_INT_CONVERSION = YES;
				CLANG_WARN__DUPLICATE_METHOD_MATCH = YES;
				"CODE_SIGN_IDENTITY[sdk=iphoneos*]" = "iPhone Developer";
				COPY_PHASE_STRIP = NO;
				GCC_C_LANGUAGE_STANDARD = gnu99;
				GCC_DYNAMIC_NO_PIC = NO;
				GCC_OPTIMIZATION_LEVEL = 0;
				GCC_PREPROCESSOR_DEFINITIONS = (
					"DEBUG=1",
					"$(inherited)",
				);
				GCC_SYMBOLS_PRIVATE_EXTERN = NO;
				GCC_WARN_ABOUT_RETURN_TYPE = YES;
				GCC_WARN_UNINITIALIZED_AUTOS = YES;
				GCC_WARN_UNUSED_VARIABLE = YES;
				IPHONEOS_DEPLOYMENT_TARGET = 6.1;
				ONLY_ACTIVE_ARCH = YES;
				SDKROOT = iphoneos;
				TARGETED_DEVICE_FAMILY = "1,2";
			};
			name = Debug;
		};
		93C950B216DEE94F00121B30 /* Release */ = {
			isa = XCBuildConfiguration;
			buildSettings = {
				ALWAYS_SEARCH_USER_PATHS = NO;
				CLANG_CXX_LANGUAGE_STANDARD = "gnu++0x";
				CLANG_CXX_LIBRARY = "libc++";
				CLANG_ENABLE_OBJC_ARC = YES;
				CLANG_WARN_CONSTANT_CONVERSION = YES;
				CLANG_WARN_EMPTY_BODY = YES;
				CLANG_WARN_ENUM_CONVERSION = YES;
				CLANG_WARN_INT_CONVERSION = YES;
				CLANG_WARN__DUPLICATE_METHOD_MATCH = YES;
				"CODE_SIGN_IDENTITY[sdk=iphoneos*]" = "iPhone Developer";
				COPY_PHASE_STRIP = YES;
				GCC_C_LANGUAGE_STANDARD = gnu99;
				GCC_WARN_ABOUT_RETURN_TYPE = YES;
				GCC_WARN_UNINITIALIZED_AUTOS = YES;
				GCC_WARN_UNUSED_VARIABLE = YES;
				IPHONEOS_DEPLOYMENT_TARGET = 6.1;
				OTHER_CFLAGS = "-DNS_BLOCK_ASSERTIONS=1";
				SDKROOT = iphoneos;
				TARGETED_DEVICE_FAMILY = "1,2";
				VALIDATE_PRODUCT = YES;
			};
			name = Release;
		};
		93C950B416DEE94F00121B30 /* Debug */ = {
			isa = XCBuildConfiguration;
			buildSettings = {
				CODE_SIGN_IDENTITY = "iPhone Developer";
				GCC_PRECOMPILE_PREFIX_HEADER = YES;
				GCC_PREFIX_HEADER = "Daily Nexus/Daily Nexus-Prefix.pch";
				INFOPLIST_FILE = "Daily Nexus/Daily Nexus-Info.plist";
				PRODUCT_NAME = "$(TARGET_NAME)";
				PROVISIONING_PROFILE = "";
				WRAPPER_EXTENSION = app;
			};
			name = Debug;
		};
		93C950B516DEE94F00121B30 /* Release */ = {
			isa = XCBuildConfiguration;
			buildSettings = {
				CODE_SIGN_IDENTITY = "iPhone Developer";
				GCC_PRECOMPILE_PREFIX_HEADER = YES;
				GCC_PREFIX_HEADER = "Daily Nexus/Daily Nexus-Prefix.pch";
				INFOPLIST_FILE = "Daily Nexus/Daily Nexus-Info.plist";
				PRODUCT_NAME = "$(TARGET_NAME)";
				PROVISIONING_PROFILE = "";
				WRAPPER_EXTENSION = app;
			};
			name = Release;
		};
		93C950B716DEE94F00121B30 /* Debug */ = {
			isa = XCBuildConfiguration;
			buildSettings = {
				BUNDLE_LOADER = "$(BUILT_PRODUCTS_DIR)/Daily Nexus.app/Daily Nexus";
				FRAMEWORK_SEARCH_PATHS = (
					"\"$(SDKROOT)/Developer/Library/Frameworks\"",
					"\"$(DEVELOPER_LIBRARY_DIR)/Frameworks\"",
				);
				GCC_PRECOMPILE_PREFIX_HEADER = YES;
				GCC_PREFIX_HEADER = "Daily Nexus/Daily Nexus-Prefix.pch";
				INFOPLIST_FILE = "Daily NexusTests/Daily NexusTests-Info.plist";
				PRODUCT_NAME = "$(TARGET_NAME)";
				TEST_HOST = "$(BUNDLE_LOADER)";
				WRAPPER_EXTENSION = octest;
			};
			name = Debug;
		};
		93C950B816DEE94F00121B30 /* Release */ = {
			isa = XCBuildConfiguration;
			buildSettings = {
				BUNDLE_LOADER = "$(BUILT_PRODUCTS_DIR)/Daily Nexus.app/Daily Nexus";
				FRAMEWORK_SEARCH_PATHS = (
					"\"$(SDKROOT)/Developer/Library/Frameworks\"",
					"\"$(DEVELOPER_LIBRARY_DIR)/Frameworks\"",
				);
				GCC_PRECOMPILE_PREFIX_HEADER = YES;
				GCC_PREFIX_HEADER = "Daily Nexus/Daily Nexus-Prefix.pch";
				INFOPLIST_FILE = "Daily NexusTests/Daily NexusTests-Info.plist";
				PRODUCT_NAME = "$(TARGET_NAME)";
				TEST_HOST = "$(BUNDLE_LOADER)";
				WRAPPER_EXTENSION = octest;
			};
			name = Release;
		};
/* End XCBuildConfiguration section */

/* Begin XCConfigurationList section */
		93C9507C16DEE94F00121B30 /* Build configuration list for PBXProject "Daily Nexus" */ = {
			isa = XCConfigurationList;
			buildConfigurations = (
				93C950B116DEE94F00121B30 /* Debug */,
				93C950B216DEE94F00121B30 /* Release */,
			);
			defaultConfigurationIsVisible = 0;
			defaultConfigurationName = Release;
		};
		93C950B316DEE94F00121B30 /* Build configuration list for PBXNativeTarget "Daily Nexus" */ = {
			isa = XCConfigurationList;
			buildConfigurations = (
				93C950B416DEE94F00121B30 /* Debug */,
				93C950B516DEE94F00121B30 /* Release */,
			);
			defaultConfigurationIsVisible = 0;
			defaultConfigurationName = Release;
		};
		93C950B616DEE94F00121B30 /* Build configuration list for PBXNativeTarget "Daily NexusTests" */ = {
			isa = XCConfigurationList;
			buildConfigurations = (
				93C950B716DEE94F00121B30 /* Debug */,
				93C950B816DEE94F00121B30 /* Release */,
			);
			defaultConfigurationIsVisible = 0;
			defaultConfigurationName = Release;
		};
/* End XCConfigurationList section */
	};
	rootObject = 93C9507916DEE94F00121B30 /* Project object */;
}
